{
  "originHash" : "b36a81dc1eafb716075d9a324d4c37d412d6580c667c6bd36f78da981b239801",
  "pins" : [
    {
      "identity" : "elegantcalendar",
      "kind" : "remoteSourceControl",
      "location" : "https://github.com/ThasianX/ElegantCalendar",
      "state" : {
        "revision" : "d446234f27e60f5bef15f91c35d384f388ff2c7d",
        "version" : "4.3.2"
      }
    },
    {
      "identity" : "elegantpages",
      "kind" : "remoteSourceControl",
      "location" : "https://github.com/ThasianX/ElegantPages",
      "state" : {
        "revision" : "d598ce4824c40296decc84eae5b3c042d3dff842",
        "version" : "1.4.2"
      }
    }
  ],
  "version" : 3
}
