// !$*UTF8*$!
{
	archiveVersion = 1;
	classes = {
	};
	objectVersion = 56;
	objects = {

/* Begin PBXBuildFile section */
		078E2C4C2D6A4522B31123C8 /* SymptomPatternEngine.swift in Sources */ = {isa = PBXBuildFile; fileRef = 3E954215BF114795B8EDFF2F /* SymptomPatternEngine.swift */; };
		1E9B47B29E175F24C482F091 /* tips.json in Resources */ = {isa = PBXBuildFile; fileRef = 2716100D868C3095A2A7F8B6 /* tips.json */; };
		4258F31950009A771FFD2BAB /* ContentModels.swift in Sources */ = {isa = PBXBuildFile; fileRef = 2615D32F0F291FD5132C88B3 /* ContentModels.swift */; };
		732DBD33F96FDB7565E9203E /* nudges.json in Resources */ = {isa = PBXBuildFile; fileRef = C857E6F10A3503075969CDDF /* nudges.json */; };
		8FDC1DF9FB94376469C80938 /* symptom_rich_cycles.csv in Resources */ = {isa = PBXBuildFile; fileRef = EE453D4CD80C0EF166203A9C /* symptom_rich_cycles.csv */; };
		AA11223344556677889900BB /* CyclePhase.swift in Sources */ = {isa = PBXBuildFile; fileRef = AA11223344556677889900AA /* CyclePhase.swift */; };
		AA11223344556677889900DD /* CycleSeedData.swift in Sources */ = {isa = PBXBuildFile; fileRef = AA11223344556677889900CC /* CycleSeedData.swift */; };
		AA11223344556677889900FF /* CyclePredictionEngine.swift in Sources */ = {isa = PBXBuildFile; fileRef = AA11223344556677889900EE /* CyclePredictionEngine.swift */; };
		AD98F4C4C596FA35562B2178 /* signals.json in Resources */ = {isa = PBXBuildFile; fileRef = 2CECA96FDA217ECAD0E3B085 /* signals.json */; };
		B78D7DC838B549AAB7F3D5D9 /* InsightCard.swift in Sources */ = {isa = PBXBuildFile; fileRef = FE2E1432FC934814B484C260 /* InsightCard.swift */; };
		BB001122334455667788991C /* scenario_new_user.csv in Resources */ = {isa = PBXBuildFile; fileRef = BB001122334455667788991A /* scenario_new_user.csv */; };
		BB001122334455667788991D /* scenario_new_user.csv in Resources */ = {isa = PBXBuildFile; fileRef = BB001122334455667788991A /* scenario_new_user.csv */; };
		BB001122334455667788991E /* scenario_new_user.csv in Resources */ = {isa = PBXBuildFile; fileRef = BB001122334455667788991A /* scenario_new_user.csv */; };
		BB001122334455667788992C /* scenario_high_variability.csv in Resources */ = {isa = PBXBuildFile; fileRef = BB001122334455667788992A /* scenario_high_variability.csv */; };
		BB001122334455667788992D /* scenario_high_variability.csv in Resources */ = {isa = PBXBuildFile; fileRef = BB001122334455667788992A /* scenario_high_variability.csv */; };
		BB001122334455667788992E /* scenario_high_variability.csv in Resources */ = {isa = PBXBuildFile; fileRef = BB001122334455667788992A /* scenario_high_variability.csv */; };
		BB001122334455667788993C /* scenario_heavy_flow.csv in Resources */ = {isa = PBXBuildFile; fileRef = BB001122334455667788993A /* scenario_heavy_flow.csv */; };
		BB001122334455667788993D /* scenario_heavy_flow.csv in Resources */ = {isa = PBXBuildFile; fileRef = BB001122334455667788993A /* scenario_heavy_flow.csv */; };
		BB001122334455667788993E /* scenario_heavy_flow.csv in Resources */ = {isa = PBXBuildFile; fileRef = BB001122334455667788993A /* scenario_heavy_flow.csv */; };
		BB001122334455667788994C /* scenario_escalating_cramps.csv in Resources */ = {isa = PBXBuildFile; fileRef = BB001122334455667788994A /* scenario_escalating_cramps.csv */; };
		BB001122334455667788994D /* scenario_escalating_cramps.csv in Resources */ = {isa = PBXBuildFile; fileRef = BB001122334455667788994A /* scenario_escalating_cramps.csv */; };
		BB001122334455667788994E /* scenario_escalating_cramps.csv in Resources */ = {isa = PBXBuildFile; fileRef = BB001122334455667788994A /* scenario_escalating_cramps.csv */; };
		BB001122334455667788995C /* scenario_overdue_cycle.csv in Resources */ = {isa = PBXBuildFile; fileRef = BB001122334455667788995A /* scenario_overdue_cycle.csv */; };
		BB001122334455667788995D /* scenario_overdue_cycle.csv in Resources */ = {isa = PBXBuildFile; fileRef = BB001122334455667788995A /* scenario_overdue_cycle.csv */; };
		BB001122334455667788995E /* scenario_overdue_cycle.csv in Resources */ = {isa = PBXBuildFile; fileRef = BB001122334455667788995A /* scenario_overdue_cycle.csv */; };
		BB001122334455667788996C /* scenario_pmdd_pattern.csv in Resources */ = {isa = PBXBuildFile; fileRef = BB001122334455667788996A /* scenario_pmdd_pattern.csv */; };
		BB001122334455667788996D /* scenario_pmdd_pattern.csv in Resources */ = {isa = PBXBuildFile; fileRef = BB001122334455667788996A /* scenario_pmdd_pattern.csv */; };
		BB001122334455667788996E /* scenario_pmdd_pattern.csv in Resources */ = {isa = PBXBuildFile; fileRef = BB001122334455667788996A /* scenario_pmdd_pattern.csv */; };
		BB11223344556677889900BB /* CyclePhaseCard.swift in Sources */ = {isa = PBXBuildFile; fileRef = BB11223344556677889900AA /* CyclePhaseCard.swift */; };
		BB11223344556677889900DD /* QuickLogView.swift in Sources */ = {isa = PBXBuildFile; fileRef = BB11223344556677889900CC /* QuickLogView.swift */; };
		BB112233445566778899AA01 /* CyclePredictionEngineTests.swift in Sources */ = {isa = PBXBuildFile; fileRef = BB112233445566778899AA00 /* CyclePredictionEngineTests.swift */; };
		BDD6ADD80D7817503073B907 /* ContentEvaluator.swift in Sources */ = {isa = PBXBuildFile; fileRef = C2D569DC92C1BD5063934679 /* ContentEvaluator.swift */; };
		C2CA3BB5227E61250FAE54DD /* symptom_rich_cycles.csv in Resources */ = {isa = PBXBuildFile; fileRef = EE453D4CD80C0EF166203A9C /* symptom_rich_cycles.csv */; };
		C36ABC27D2DEEF3058EDD7B7 /* resources.json in Resources */ = {isa = PBXBuildFile; fileRef = 24377BF94DDC1920ADC9131C /* resources.json */; };
		C6CAF31492E0B1DCCA518BA7 /* symptom_rich_cycles.csv in Resources */ = {isa = PBXBuildFile; fileRef = EE453D4CD80C0EF166203A9C /* symptom_rich_cycles.csv */; };
		CC44556677889900AABBCCEE /* ForecastView.swift in Sources */ = {isa = PBXBuildFile; fileRef = CC44556677889900AABBCCDD /* ForecastView.swift */; };
		CC55667788990011AABBCCFF /* PulseView.swift in Sources */ = {isa = PBXBuildFile; fileRef = CC55667788990011AABBCCEE /* PulseView.swift */; };
		CC99887766554433221100FF /* CycleRingSummaryCard.swift in Sources */ = {isa = PBXBuildFile; fileRef = CC99887766554433221100EE /* CycleRingSummaryCard.swift */; };
		CD218E662D4021EB009B5198 /* CycleDay.swift in Sources */ = {isa = PBXBuildFile; fileRef = CD218E562D4021EB009B5198 /* CycleDay.swift */; };
		CD218E672D4021EB009B5198 /* CycleStore.swift in Sources */ = {isa = PBXBuildFile; fileRef = CD218E5A2D4021EB009B5198 /* CycleStore.swift */; };
		CD218E682D4021EB009B5198 /* HomeViewModel.swift in Sources */ = {isa = PBXBuildFile; fileRef = CD218E5D2D4021EB009B5198 /* HomeViewModel.swift */; };
		CD218E692D4021EB009B5198 /* HomeView.swift in Sources */ = {isa = PBXBuildFile; fileRef = CD218E5F2D4021EB009B5198 /* HomeView.swift */; };
		CD218E6A2D4021EB009B5198 /* LogDayView.swift in Sources */ = {isa = PBXBuildFile; fileRef = CD218E602D4021EB009B5198 /* LogDayView.swift */; };
		CD218E6B2D4021EB009B5198 /* SafeFlowApp.swift in Sources */ = {isa = PBXBuildFile; fileRef = CD218E642D4021EB009B5198 /* SafeFlowApp.swift */; };
		CD218E6E2D405C1D009B5198 /* DebugMenu.swift in Sources */ = {isa = PBXBuildFile; fileRef = CD218E6C2D405C1D009B5198 /* DebugMenu.swift */; };
		CD218E712D405C85009B5198 /* TestData.swift in Sources */ = {isa = PBXBuildFile; fileRef = CD218E6F2D405C85009B5198 /* TestData.swift */; };
		CD218E742D4169C5009B5198 /* SecurityService.swift in Sources */ = {isa = PBXBuildFile; fileRef = CD218E722D4169C5009B5198 /* SecurityService.swift */; };
		CD218E772D416A3D009B5198 /* LockView.swift in Sources */ = {isa = PBXBuildFile; fileRef = CD218E752D416A3D009B5198 /* LockView.swift */; };
		CD218E8D2D419279009B5198 /* OnboardingView.swift in Sources */ = {isa = PBXBuildFile; fileRef = CD218E892D419279009B5198 /* OnboardingView.swift */; };
		CD218E8E2D419279009B5198 /* SettingsView.swift in Sources */ = {isa = PBXBuildFile; fileRef = CD218E8B2D419279009B5198 /* SettingsView.swift */; };
		CD218E902D4198F5009B5198 /* PinSetupView.swift in Sources */ = {isa = PBXBuildFile; fileRef = CD218E8F2D4198F5009B5198 /* PinSetupView.swift */; };
		CD218E942D41994E009B5198 /* SecurityManager.swift in Sources */ = {isa = PBXBuildFile; fileRef = CD218E912D41994E009B5198 /* SecurityManager.swift */; };
		CD218E972D41A086009B5198 /* SecurityTests.swift in Sources */ = {isa = PBXBuildFile; fileRef = CD218E962D41A086009B5198 /* SecurityTests.swift */; };
		CD218E9A2D41A0AF009B5198 /* safeflowUITestsLaunchTests.swift in Sources */ = {isa = PBXBuildFile; fileRef = CD218E982D41A0AF009B5198 /* safeflowUITestsLaunchTests.swift */; };
		CD218E9B2D41A0AF009B5198 /* safeflowUITests.swift in Sources */ = {isa = PBXBuildFile; fileRef = CD218E992D41A0AF009B5198 /* safeflowUITests.swift */; };
		CDA11Y012D4010D2006A37C9 /* AccessibilityUITests.swift in Sources */ = {isa = PBXBuildFile; fileRef = CDA11Y002D4010D2006A37C9 /* AccessibilityUITests.swift */; };
		CDA11Y032D4010D2006A37C9 /* DynamicTypeUITests.swift in Sources */ = {isa = PBXBuildFile; fileRef = CDA11Y022D4010D2006A37C9 /* DynamicTypeUITests.swift */; };
		CDL10N012D4010D2006A37C9 /* LocalisationUITests.swift in Sources */ = {isa = PBXBuildFile; fileRef = CDL10N002D4010D2006A37C9 /* LocalisationUITests.swift */; };
		CD218E9F2D4303F1009B5198 /* AppTheme.swift in Sources */ = {isa = PBXBuildFile; fileRef = CD218E9C2D4303F1009B5198 /* AppTheme.swift */; };
		CD218EA02D4303F1009B5198 /* ViewModifiers.swift in Sources */ = {isa = PBXBuildFile; fileRef = CD218E9D2D4303F1009B5198 /* ViewModifiers.swift */; };
		CD218EA52D43CC89009B5198 /* CycleCalendarView.swift in Sources */ = {isa = PBXBuildFile; fileRef = CD218EA42D43CC89009B5198 /* CycleCalendarView.swift */; };
		CD218EAB2D43CD99009B5198 /* PersistenceService.swift in Sources */ = {isa = PBXBuildFile; fileRef = CD218EAA2D43CD99009B5198 /* PersistenceService.swift */; };
		CD2709292D4449C2003994F9 /* TestCaseRunner.swift in Sources */ = {isa = PBXBuildFile; fileRef = CD2709282D4449C2003994F9 /* TestCaseRunner.swift */; };
		CD27092C2D4449EF003994F9 /* CycleTestCase.swift in Sources */ = {isa = PBXBuildFile; fileRef = CD27092A2D4449EF003994F9 /* CycleTestCase.swift */; };
		CD27092F2D444A27003994F9 /* TestDataLoader.swift in Sources */ = {isa = PBXBuildFile; fileRef = CD27092D2D444A27003994F9 /* TestDataLoader.swift */; };
		CD2709652D46AFCC003994F9 /* irregular_cycle_metadata.csv in Resources */ = {isa = PBXBuildFile; fileRef = CD27095A2D46AFCC003994F9 /* irregular_cycle_metadata.csv */; };
		CD2709662D46AFCC003994F9 /* irregular_cycle_metadata.csv in Resources */ = {isa = PBXBuildFile; fileRef = CD27095A2D46AFCC003994F9 /* irregular_cycle_metadata.csv */; };
		CD2709672D46AFCC003994F9 /* irregular_cycle_metadata.csv in Resources */ = {isa = PBXBuildFile; fileRef = CD27095A2D46AFCC003994F9 /* irregular_cycle_metadata.csv */; };
		CD2709682D46AFCC003994F9 /* irregular_cycle_predictions.csv in Resources */ = {isa = PBXBuildFile; fileRef = CD27095B2D46AFCC003994F9 /* irregular_cycle_predictions.csv */; };
		CD2709692D46AFCC003994F9 /* irregular_cycle_predictions.csv in Resources */ = {isa = PBXBuildFile; fileRef = CD27095B2D46AFCC003994F9 /* irregular_cycle_predictions.csv */; };
		CD27096A2D46AFCC003994F9 /* irregular_cycle_predictions.csv in Resources */ = {isa = PBXBuildFile; fileRef = CD27095B2D46AFCC003994F9 /* irregular_cycle_predictions.csv */; };
		CD27096B2D46AFCC003994F9 /* irregular_cycle.csv in Resources */ = {isa = PBXBuildFile; fileRef = CD27095C2D46AFCC003994F9 /* irregular_cycle.csv */; };
		CD27096C2D46AFCC003994F9 /* irregular_cycle.csv in Resources */ = {isa = PBXBuildFile; fileRef = CD27095C2D46AFCC003994F9 /* irregular_cycle.csv */; };
		CD27096D2D46AFCC003994F9 /* irregular_cycle.csv in Resources */ = {isa = PBXBuildFile; fileRef = CD27095C2D46AFCC003994F9 /* irregular_cycle.csv */; };
		CD27096E2D46AFCC003994F9 /* regular_28_day_cycle_metadata.csv in Resources */ = {isa = PBXBuildFile; fileRef = CD27095D2D46AFCC003994F9 /* regular_28_day_cycle_metadata.csv */; };
		CD27096F2D46AFCC003994F9 /* regular_28_day_cycle_metadata.csv in Resources */ = {isa = PBXBuildFile; fileRef = CD27095D2D46AFCC003994F9 /* regular_28_day_cycle_metadata.csv */; };
		CD2709702D46AFCC003994F9 /* regular_28_day_cycle_metadata.csv in Resources */ = {isa = PBXBuildFile; fileRef = CD27095D2D46AFCC003994F9 /* regular_28_day_cycle_metadata.csv */; };
		CD2709712D46AFCC003994F9 /* regular_28_day_cycle_predictions.csv in Resources */ = {isa = PBXBuildFile; fileRef = CD27095E2D46AFCC003994F9 /* regular_28_day_cycle_predictions.csv */; };
		CD2709722D46AFCC003994F9 /* regular_28_day_cycle_predictions.csv in Resources */ = {isa = PBXBuildFile; fileRef = CD27095E2D46AFCC003994F9 /* regular_28_day_cycle_predictions.csv */; };
		CD2709732D46AFCC003994F9 /* regular_28_day_cycle_predictions.csv in Resources */ = {isa = PBXBuildFile; fileRef = CD27095E2D46AFCC003994F9 /* regular_28_day_cycle_predictions.csv */; };
		CD2709742D46AFCC003994F9 /* regular_28_day_cycle.csv in Resources */ = {isa = PBXBuildFile; fileRef = CD27095F2D46AFCC003994F9 /* regular_28_day_cycle.csv */; };
		CD2709752D46AFCC003994F9 /* regular_28_day_cycle.csv in Resources */ = {isa = PBXBuildFile; fileRef = CD27095F2D46AFCC003994F9 /* regular_28_day_cycle.csv */; };
		CD2709762D46AFCC003994F9 /* regular_28_day_cycle.csv in Resources */ = {isa = PBXBuildFile; fileRef = CD27095F2D46AFCC003994F9 /* regular_28_day_cycle.csv */; };
		CD2709772D46AFCC003994F9 /* sparse_data_metadata.csv in Resources */ = {isa = PBXBuildFile; fileRef = CD2709602D46AFCC003994F9 /* sparse_data_metadata.csv */; };
		CD2709782D46AFCC003994F9 /* sparse_data_metadata.csv in Resources */ = {isa = PBXBuildFile; fileRef = CD2709602D46AFCC003994F9 /* sparse_data_metadata.csv */; };
		CD2709792D46AFCC003994F9 /* sparse_data_metadata.csv in Resources */ = {isa = PBXBuildFile; fileRef = CD2709602D46AFCC003994F9 /* sparse_data_metadata.csv */; };
		CD27097A2D46AFCC003994F9 /* sparse_data_predictions.csv in Resources */ = {isa = PBXBuildFile; fileRef = CD2709612D46AFCC003994F9 /* sparse_data_predictions.csv */; };
		CD27097B2D46AFCC003994F9 /* sparse_data_predictions.csv in Resources */ = {isa = PBXBuildFile; fileRef = CD2709612D46AFCC003994F9 /* sparse_data_predictions.csv */; };
		CD27097C2D46AFCC003994F9 /* sparse_data_predictions.csv in Resources */ = {isa = PBXBuildFile; fileRef = CD2709612D46AFCC003994F9 /* sparse_data_predictions.csv */; };
		CD27097D2D46AFCC003994F9 /* sparse_data.csv in Resources */ = {isa = PBXBuildFile; fileRef = CD2709622D46AFCC003994F9 /* sparse_data.csv */; };
		CD27097E2D46AFCC003994F9 /* sparse_data.csv in Resources */ = {isa = PBXBuildFile; fileRef = CD2709622D46AFCC003994F9 /* sparse_data.csv */; };
		CD27097F2D46AFCC003994F9 /* sparse_data.csv in Resources */ = {isa = PBXBuildFile; fileRef = CD2709622D46AFCC003994F9 /* sparse_data.csv */; };
		CDBECD5F2D4010D2006A37C9 /* Assets.xcassets in Resources */ = {isa = PBXBuildFile; fileRef = CDBECD5E2D4010D2006A37C9 /* Assets.xcassets */; };
		CDBECD632D4010D2006A37C9 /* Preview Assets.xcassets in Resources */ = {isa = PBXBuildFile; fileRef = CDBECD622D4010D2006A37C9 /* Preview Assets.xcassets */; };
		CDBECD6D2D4010D2006A37C9 /* safeflowTests.swift in Sources */ = {isa = PBXBuildFile; fileRef = CDBECD6C2D4010D2006A37C9 /* safeflowTests.swift */; };
		CDDC84D82F8AA9640013BF34 /* Localizable.xcstrings in Resources */ = {isa = PBXBuildFile; fileRef = CDDC84D72F8AA9640013BF34 /* Localizable.xcstrings */; };
		D9E1983807F2E1A042E2EDD4 /* GetSupportView.swift in Sources */ = {isa = PBXBuildFile; fileRef = 504469625D50C14C530203D9 /* GetSupportView.swift */; };
		DD11223344556677889900AA /* DartboardViewModel.swift in Sources */ = {isa = PBXBuildFile; fileRef = DD11223344556677889900BB /* DartboardViewModel.swift */; };
		DD11223344556677889900CC /* DartboardView.swift in Sources */ = {isa = PBXBuildFile; fileRef = DD11223344556677889900DD /* DartboardView.swift */; };
		DD11223344556677889900EE /* CategoryStripView.swift in Sources */ = {isa = PBXBuildFile; fileRef = DD11223344556677889900FF /* CategoryStripView.swift */; };
		DD22334455667788990011AA /* FlowCenterIndicator.swift in Sources */ = {isa = PBXBuildFile; fileRef = DD22334455667788990011BB /* FlowCenterIndicator.swift */; };
		EE1A2B3C4D5E6F7A8B9C0D1F /* NotificationService.swift in Sources */ = {isa = PBXBuildFile; fileRef = EE1A2B3C4D5E6F7A8B9C0D1E /* NotificationService.swift */; };
		EE2A3B4C5D6E7F8A9B0C1D2F /* PhaseTipCard.swift in Sources */ = {isa = PBXBuildFile; fileRef = EE2A3B4C5D6E7F8A9B0C1D2E /* PhaseTipCard.swift */; };
		EE3A4B5C6D7E8F9A0B1C2D3F /* PatternNudgeCard.swift in Sources */ = {isa = PBXBuildFile; fileRef = EE3A4B5C6D7E8F9A0B1C2D3E /* PatternNudgeCard.swift */; };
		F72F6ADD51E8B5767A8BDA43 /* ContentLoader.swift in Sources */ = {isa = PBXBuildFile; fileRef = EB83B32D169194F44D093628 /* ContentLoader.swift */; };
		FCEAA915176D4CFB4AF1D69A /* insights.json in Resources */ = {isa = PBXBuildFile; fileRef = DEB4B26003B5E409A8EAB915 /* insights.json */; };
		FF33445566778899AABBCCAA /* WeekRibbonView.swift in Sources */ = {isa = PBXBuildFile; fileRef = FF33445566778899AABBCCBB /* WeekRibbonView.swift */; };
		FFAA112233445566778899CC /* PrivacyInfo.xcprivacy in Resources */ = {isa = PBXBuildFile; fileRef = FFAA112233445566778899BB /* PrivacyInfo.xcprivacy */; };
		SNAP00112233445566778899AA /* SnapshotTests.swift in Sources */ = {isa = PBXBuildFile; fileRef = SNAP00112233445566778899AB /* SnapshotTests.swift */; };
		SNAP00112233445566778899AC /* SnapshotHelper.swift in Sources */ = {isa = PBXBuildFile; fileRef = SNAP00112233445566778899AD /* SnapshotHelper.swift */; };
		A11Y00112233445566778899AA /* AccessibilityAuditTests.swift in Sources */ = {isa = PBXBuildFile; fileRef = A11Y00112233445566778899AB /* AccessibilityAuditTests.swift */; };
/* End PBXBuildFile section */

/* Begin PBXContainerItemProxy section */
		CDBECD692D4010D2006A37C9 /* PBXContainerItemProxy */ = {
			isa = PBXContainerItemProxy;
			containerPortal = CDBECD4D2D4010D1006A37C9 /* Project object */;
			proxyType = 1;
			remoteGlobalIDString = CDBECD542D4010D1006A37C9;
			remoteInfo = safeflow;
		};
		CDBECD732D4010D2006A37C9 /* PBXContainerItemProxy */ = {
			isa = PBXContainerItemProxy;
			containerPortal = CDBECD4D2D4010D1006A37C9 /* Project object */;
			proxyType = 1;
			remoteGlobalIDString = CDBECD542D4010D1006A37C9;
			remoteInfo = safeflow;
		};
/* End PBXContainerItemProxy section */

/* Begin PBXFileReference section */
		24377BF94DDC1920ADC9131C /* resources.json */ = {isa = PBXFileReference; includeInIndex = 1; lastKnownFileType = text.json; path = resources.json; sourceTree = "<group>"; };
		2615D32F0F291FD5132C88B3 /* ContentModels.swift */ = {isa = PBXFileReference; includeInIndex = 1; lastKnownFileType = sourcecode.swift; path = ContentModels.swift; sourceTree = "<group>"; };
		2716100D868C3095A2A7F8B6 /* tips.json */ = {isa = PBXFileReference; includeInIndex = 1; lastKnownFileType = text.json; path = tips.json; sourceTree = "<group>"; };
		2CECA96FDA217ECAD0E3B085 /* signals.json */ = {isa = PBXFileReference; includeInIndex = 1; lastKnownFileType = text.json; path = signals.json; sourceTree = "<group>"; };
		3E954215BF114795B8EDFF2F /* SymptomPatternEngine.swift */ = {isa = PBXFileReference; fileEncoding = 4; lastKnownFileType = sourcecode.swift; path = SymptomPatternEngine.swift; sourceTree = "<group>"; };
		504469625D50C14C530203D9 /* GetSupportView.swift */ = {isa = PBXFileReference; includeInIndex = 1; lastKnownFileType = sourcecode.swift; path = GetSupportView.swift; sourceTree = "<group>"; };
		AA11223344556677889900AA /* CyclePhase.swift */ = {isa = PBXFileReference; fileEncoding = 4; lastKnownFileType = sourcecode.swift; path = CyclePhase.swift; sourceTree = "<group>"; };
		AA11223344556677889900CC /* CycleSeedData.swift */ = {isa = PBXFileReference; fileEncoding = 4; lastKnownFileType = sourcecode.swift; path = CycleSeedData.swift; sourceTree = "<group>"; };
		AA11223344556677889900EE /* CyclePredictionEngine.swift */ = {isa = PBXFileReference; fileEncoding = 4; lastKnownFileType = sourcecode.swift; path = CyclePredictionEngine.swift; sourceTree = "<group>"; };
		BB001122334455667788991A /* scenario_new_user.csv */ = {isa = PBXFileReference; fileEncoding = 4; lastKnownFileType = text; path = scenario_new_user.csv; sourceTree = "<group>"; };
		BB001122334455667788992A /* scenario_high_variability.csv */ = {isa = PBXFileReference; fileEncoding = 4; lastKnownFileType = text; path = scenario_high_variability.csv; sourceTree = "<group>"; };
		BB001122334455667788993A /* scenario_heavy_flow.csv */ = {isa = PBXFileReference; fileEncoding = 4; lastKnownFileType = text; path = scenario_heavy_flow.csv; sourceTree = "<group>"; };
		BB001122334455667788994A /* scenario_escalating_cramps.csv */ = {isa = PBXFileReference; fileEncoding = 4; lastKnownFileType = text; path = scenario_escalating_cramps.csv; sourceTree = "<group>"; };
		BB001122334455667788995A /* scenario_overdue_cycle.csv */ = {isa = PBXFileReference; fileEncoding = 4; lastKnownFileType = text; path = scenario_overdue_cycle.csv; sourceTree = "<group>"; };
		BB001122334455667788996A /* scenario_pmdd_pattern.csv */ = {isa = PBXFileReference; fileEncoding = 4; lastKnownFileType = text; path = scenario_pmdd_pattern.csv; sourceTree = "<group>"; };
		BB11223344556677889900AA /* CyclePhaseCard.swift */ = {isa = PBXFileReference; fileEncoding = 4; lastKnownFileType = sourcecode.swift; path = CyclePhaseCard.swift; sourceTree = "<group>"; };
		BB11223344556677889900CC /* QuickLogView.swift */ = {isa = PBXFileReference; fileEncoding = 4; lastKnownFileType = sourcecode.swift; path = QuickLogView.swift; sourceTree = "<group>"; };
		BB112233445566778899AA00 /* CyclePredictionEngineTests.swift */ = {isa = PBXFileReference; fileEncoding = 4; lastKnownFileType = sourcecode.swift; name = CyclePredictionEngineTests.swift; path = Tests/UnitTests/CyclePredictionEngineTests.swift; sourceTree = SOURCE_ROOT; };
		C2D569DC92C1BD5063934679 /* ContentEvaluator.swift */ = {isa = PBXFileReference; includeInIndex = 1; lastKnownFileType = sourcecode.swift; path = ContentEvaluator.swift; sourceTree = "<group>"; };
		C857E6F10A3503075969CDDF /* nudges.json */ = {isa = PBXFileReference; includeInIndex = 1; lastKnownFileType = text.json; path = nudges.json; sourceTree = "<group>"; };
		CC44556677889900AABBCCDD /* ForecastView.swift */ = {isa = PBXFileReference; fileEncoding = 4; lastKnownFileType = sourcecode.swift; path = ForecastView.swift; sourceTree = "<group>"; };
		CC55667788990011AABBCCEE /* PulseView.swift */ = {isa = PBXFileReference; fileEncoding = 4; lastKnownFileType = sourcecode.swift; path = PulseView.swift; sourceTree = "<group>"; };
		CC99887766554433221100EE /* CycleRingSummaryCard.swift */ = {isa = PBXFileReference; fileEncoding = 4; lastKnownFileType = sourcecode.swift; path = CycleRingSummaryCard.swift; sourceTree = "<group>"; };
		CD218E562D4021EB009B5198 /* CycleDay.swift */ = {isa = PBXFileReference; fileEncoding = 4; lastKnownFileType = sourcecode.swift; path = CycleDay.swift; sourceTree = "<group>"; };
		CD218E5A2D4021EB009B5198 /* CycleStore.swift */ = {isa = PBXFileReference; fileEncoding = 4; lastKnownFileType = sourcecode.swift; path = CycleStore.swift; sourceTree = "<group>"; };
		CD218E5D2D4021EB009B5198 /* HomeViewModel.swift */ = {isa = PBXFileReference; fileEncoding = 4; lastKnownFileType = sourcecode.swift; path = HomeViewModel.swift; sourceTree = "<group>"; };
		CD218E5F2D4021EB009B5198 /* HomeView.swift */ = {isa = PBXFileReference; fileEncoding = 4; lastKnownFileType = sourcecode.swift; path = HomeView.swift; sourceTree = "<group>"; };
		CD218E602D4021EB009B5198 /* LogDayView.swift */ = {isa = PBXFileReference; fileEncoding = 4; lastKnownFileType = sourcecode.swift; path = LogDayView.swift; sourceTree = "<group>"; };
		CD218E642D4021EB009B5198 /* SafeFlowApp.swift */ = {isa = PBXFileReference; fileEncoding = 4; lastKnownFileType = sourcecode.swift; path = SafeFlowApp.swift; sourceTree = "<group>"; };
		CD218E6C2D405C1D009B5198 /* DebugMenu.swift */ = {isa = PBXFileReference; fileEncoding = 4; lastKnownFileType = sourcecode.swift; path = DebugMenu.swift; sourceTree = "<group>"; };
		CD218E6F2D405C85009B5198 /* TestData.swift */ = {isa = PBXFileReference; fileEncoding = 4; lastKnownFileType = sourcecode.swift; path = TestData.swift; sourceTree = "<group>"; };
		CD218E722D4169C5009B5198 /* SecurityService.swift */ = {isa = PBXFileReference; fileEncoding = 4; lastKnownFileType = sourcecode.swift; path = SecurityService.swift; sourceTree = "<group>"; };
		CD218E752D416A3D009B5198 /* LockView.swift */ = {isa = PBXFileReference; fileEncoding = 4; lastKnownFileType = sourcecode.swift; path = LockView.swift; sourceTree = "<group>"; };
		CD218E852D416B8D009B5198 /* Info.plist */ = {isa = PBXFileReference; lastKnownFileType = text.plist.xml; path = Info.plist; sourceTree = "<group>"; };
		CD218E892D419279009B5198 /* OnboardingView.swift */ = {isa = PBXFileReference; fileEncoding = 4; lastKnownFileType = sourcecode.swift; path = OnboardingView.swift; sourceTree = "<group>"; };
		CD218E8B2D419279009B5198 /* SettingsView.swift */ = {isa = PBXFileReference; fileEncoding = 4; lastKnownFileType = sourcecode.swift; path = SettingsView.swift; sourceTree = "<group>"; };
		CD218E8F2D4198F5009B5198 /* PinSetupView.swift */ = {isa = PBXFileReference; fileEncoding = 4; lastKnownFileType = sourcecode.swift; path = PinSetupView.swift; sourceTree = "<group>"; };
		CD218E912D41994E009B5198 /* SecurityManager.swift */ = {isa = PBXFileReference; fileEncoding = 4; lastKnownFileType = sourcecode.swift; path = SecurityManager.swift; sourceTree = "<group>"; };
		CD218E962D41A086009B5198 /* SecurityTests.swift */ = {isa = PBXFileReference; fileEncoding = 4; lastKnownFileType = sourcecode.swift; name = SecurityTests.swift; path = Tests/UnitTests/SecurityTests.swift; sourceTree = SOURCE_ROOT; };
		CD218E982D41A0AF009B5198 /* safeflowUITestsLaunchTests.swift */ = {isa = PBXFileReference; fileEncoding = 4; lastKnownFileType = sourcecode.swift; name = safeflowUITestsLaunchTests.swift; path = Tests/UITests/safeflowUITestsLaunchTests.swift; sourceTree = SOURCE_ROOT; };
		CD218E992D41A0AF009B5198 /* safeflowUITests.swift */ = {isa = PBXFileReference; fileEncoding = 4; lastKnownFileType = sourcecode.swift; name = safeflowUITests.swift; path = Tests/UITests/safeflowUITests.swift; sourceTree = SOURCE_ROOT; };
		CDA11Y002D4010D2006A37C9 /* AccessibilityUITests.swift */ = {isa = PBXFileReference; fileEncoding = 4; lastKnownFileType = sourcecode.swift; name = AccessibilityUITests.swift; path = Tests/UITests/AccessibilityUITests.swift; sourceTree = SOURCE_ROOT; };
		CDA11Y022D4010D2006A37C9 /* DynamicTypeUITests.swift */ = {isa = PBXFileReference; fileEncoding = 4; lastKnownFileType = sourcecode.swift; name = DynamicTypeUITests.swift; path = Tests/UITests/DynamicTypeUITests.swift; sourceTree = SOURCE_ROOT; };
		CDL10N002D4010D2006A37C9 /* LocalisationUITests.swift */ = {isa = PBXFileReference; fileEncoding = 4; lastKnownFileType = sourcecode.swift; name = LocalisationUITests.swift; path = Tests/UITests/LocalisationUITests.swift; sourceTree = SOURCE_ROOT; };
		CD218E9C2D4303F1009B5198 /* AppTheme.swift */ = {isa = PBXFileReference; fileEncoding = 4; lastKnownFileType = sourcecode.swift; path = AppTheme.swift; sourceTree = "<group>"; };
		CD218E9D2D4303F1009B5198 /* ViewModifiers.swift */ = {isa = PBXFileReference; fileEncoding = 4; lastKnownFileType = sourcecode.swift; path = ViewModifiers.swift; sourceTree = "<group>"; };
		CD218EA42D43CC89009B5198 /* CycleCalendarView.swift */ = {isa = PBXFileReference; fileEncoding = 4; lastKnownFileType = sourcecode.swift; path = CycleCalendarView.swift; sourceTree = "<group>"; };
		CD218EAA2D43CD99009B5198 /* PersistenceService.swift */ = {isa = PBXFileReference; fileEncoding = 4; lastKnownFileType = sourcecode.swift; path = PersistenceService.swift; sourceTree = "<group>"; };
		CD2709282D4449C2003994F9 /* TestCaseRunner.swift */ = {isa = PBXFileReference; fileEncoding = 4; lastKnownFileType = sourcecode.swift; path = TestCaseRunner.swift; sourceTree = "<group>"; };
		CD27092A2D4449EF003994F9 /* CycleTestCase.swift */ = {isa = PBXFileReference; fileEncoding = 4; lastKnownFileType = sourcecode.swift; path = CycleTestCase.swift; sourceTree = "<group>"; };
		CD27092D2D444A27003994F9 /* TestDataLoader.swift */ = {isa = PBXFileReference; fileEncoding = 4; lastKnownFileType = sourcecode.swift; path = TestDataLoader.swift; sourceTree = "<group>"; };
		CD27095A2D46AFCC003994F9 /* irregular_cycle_metadata.csv */ = {isa = PBXFileReference; fileEncoding = 4; lastKnownFileType = text; path = irregular_cycle_metadata.csv; sourceTree = "<group>"; };
		CD27095B2D46AFCC003994F9 /* irregular_cycle_predictions.csv */ = {isa = PBXFileReference; fileEncoding = 4; lastKnownFileType = text; path = irregular_cycle_predictions.csv; sourceTree = "<group>"; };
		CD27095C2D46AFCC003994F9 /* irregular_cycle.csv */ = {isa = PBXFileReference; fileEncoding = 4; lastKnownFileType = text; path = irregular_cycle.csv; sourceTree = "<group>"; };
		CD27095D2D46AFCC003994F9 /* regular_28_day_cycle_metadata.csv */ = {isa = PBXFileReference; fileEncoding = 4; lastKnownFileType = text; path = regular_28_day_cycle_metadata.csv; sourceTree = "<group>"; };
		CD27095E2D46AFCC003994F9 /* regular_28_day_cycle_predictions.csv */ = {isa = PBXFileReference; fileEncoding = 4; lastKnownFileType = text; path = regular_28_day_cycle_predictions.csv; sourceTree = "<group>"; };
		CD27095F2D46AFCC003994F9 /* regular_28_day_cycle.csv */ = {isa = PBXFileReference; fileEncoding = 4; lastKnownFileType = text; path = regular_28_day_cycle.csv; sourceTree = "<group>"; };
		CD2709602D46AFCC003994F9 /* sparse_data_metadata.csv */ = {isa = PBXFileReference; fileEncoding = 4; lastKnownFileType = text; path = sparse_data_metadata.csv; sourceTree = "<group>"; };
		CD2709612D46AFCC003994F9 /* sparse_data_predictions.csv */ = {isa = PBXFileReference; fileEncoding = 4; lastKnownFileType = text; path = sparse_data_predictions.csv; sourceTree = "<group>"; };
		CD2709622D46AFCC003994F9 /* sparse_data.csv */ = {isa = PBXFileReference; fileEncoding = 4; lastKnownFileType = text; path = sparse_data.csv; sourceTree = "<group>"; };
		CDBA2CD12F8AD9DA00043524 /* SafeFlowDefault.xctestplan */ = {isa = PBXFileReference; lastKnownFileType = text; name = SafeFlowDefault.xctestplan; path = Tests/SafeFlowDefault.xctestplan; sourceTree = "<group>"; };
		CDBECD552D4010D1006A37C9 /* safeflow.app */ = {isa = PBXFileReference; explicitFileType = wrapper.application; includeInIndex = 0; path = safeflow.app; sourceTree = BUILT_PRODUCTS_DIR; };
		CDBECD5E2D4010D2006A37C9 /* Assets.xcassets */ = {isa = PBXFileReference; lastKnownFileType = folder.assetcatalog; path = Assets.xcassets; sourceTree = "<group>"; };
		CDBECD602D4010D2006A37C9 /* safeflow.entitlements */ = {isa = PBXFileReference; lastKnownFileType = text.plist.entitlements; path = safeflow.entitlements; sourceTree = "<group>"; };
		CDBECD622D4010D2006A37C9 /* Preview Assets.xcassets */ = {isa = PBXFileReference; lastKnownFileType = folder.assetcatalog; path = "Preview Assets.xcassets"; sourceTree = "<group>"; };
		CDBECD682D4010D2006A37C9 /* safeflowTests.xctest */ = {isa = PBXFileReference; explicitFileType = wrapper.cfbundle; includeInIndex = 0; path = safeflowTests.xctest; sourceTree = BUILT_PRODUCTS_DIR; };
		CDBECD6C2D4010D2006A37C9 /* safeflowTests.swift */ = {isa = PBXFileReference; lastKnownFileType = sourcecode.swift; path = safeflowTests.swift; sourceTree = "<group>"; };
		CDBECD722D4010D2006A37C9 /* safeflowUITests.xctest */ = {isa = PBXFileReference; explicitFileType = wrapper.cfbundle; includeInIndex = 0; path = safeflowUITests.xctest; sourceTree = BUILT_PRODUCTS_DIR; };
		CDDC84D72F8AA9640013BF34 /* Localizable.xcstrings */ = {isa = PBXFileReference; lastKnownFileType = text.json.xcstrings; path = ../Sources/Localizable.xcstrings; sourceTree = "<group>"; };
		CDDC84D92F8AD8F10013BF34 /* SafeFlowAccessibility.xctestplan */ = {isa = PBXFileReference; lastKnownFileType = text; name = SafeFlowAccessibility.xctestplan; path = Tests/SafeFlowAccessibility.xctestplan; sourceTree = "<group>"; };
		CDDC84DA2F8AD8F10013BF34 /* SafeFlowLocalisation.xctestplan */ = {isa = PBXFileReference; lastKnownFileType = text; name = SafeFlowLocalisation.xctestplan; path = Tests/SafeFlowLocalisation.xctestplan; sourceTree = "<group>"; };
		DD11223344556677889900BB /* DartboardViewModel.swift */ = {isa = PBXFileReference; fileEncoding = 4; lastKnownFileType = sourcecode.swift; path = DartboardViewModel.swift; sourceTree = "<group>"; };
		DD11223344556677889900DD /* DartboardView.swift */ = {isa = PBXFileReference; fileEncoding = 4; lastKnownFileType = sourcecode.swift; path = DartboardView.swift; sourceTree = "<group>"; };
		DD11223344556677889900FF /* CategoryStripView.swift */ = {isa = PBXFileReference; fileEncoding = 4; lastKnownFileType = sourcecode.swift; path = CategoryStripView.swift; sourceTree = "<group>"; };
		DD22334455667788990011BB /* FlowCenterIndicator.swift */ = {isa = PBXFileReference; fileEncoding = 4; lastKnownFileType = sourcecode.swift; path = FlowCenterIndicator.swift; sourceTree = "<group>"; };
		DEB4B26003B5E409A8EAB915 /* insights.json */ = {isa = PBXFileReference; includeInIndex = 1; lastKnownFileType = text.json; path = insights.json; sourceTree = "<group>"; };
		EB83B32D169194F44D093628 /* ContentLoader.swift */ = {isa = PBXFileReference; includeInIndex = 1; lastKnownFileType = sourcecode.swift; path = ContentLoader.swift; sourceTree = "<group>"; };
		EE1A2B3C4D5E6F7A8B9C0D1E /* NotificationService.swift */ = {isa = PBXFileReference; fileEncoding = 4; lastKnownFileType = sourcecode.swift; path = NotificationService.swift; sourceTree = "<group>"; };
		EE2A3B4C5D6E7F8A9B0C1D2E /* PhaseTipCard.swift */ = {isa = PBXFileReference; fileEncoding = 4; lastKnownFileType = sourcecode.swift; path = PhaseTipCard.swift; sourceTree = "<group>"; };
		EE3A4B5C6D7E8F9A0B1C2D3E /* PatternNudgeCard.swift */ = {isa = PBXFileReference; fileEncoding = 4; lastKnownFileType = sourcecode.swift; path = PatternNudgeCard.swift; sourceTree = "<group>"; };
		EE453D4CD80C0EF166203A9C /* symptom_rich_cycles.csv */ = {isa = PBXFileReference; fileEncoding = 4; lastKnownFileType = text; path = symptom_rich_cycles.csv; sourceTree = "<group>"; };
		FE2E1432FC934814B484C260 /* InsightCard.swift */ = {isa = PBXFileReference; fileEncoding = 4; lastKnownFileType = sourcecode.swift; path = InsightCard.swift; sourceTree = "<group>"; };
		FF33445566778899AABBCCBB /* WeekRibbonView.swift */ = {isa = PBXFileReference; fileEncoding = 4; lastKnownFileType = sourcecode.swift; path = WeekRibbonView.swift; sourceTree = "<group>"; };
		FFAA112233445566778899BB /* PrivacyInfo.xcprivacy */ = {isa = PBXFileReference; lastKnownFileType = text.xml; path = PrivacyInfo.xcprivacy; sourceTree = "<group>"; };
		SNAP00112233445566778899AB /* SnapshotTests.swift */ = {isa = PBXFileReference; fileEncoding = 4; lastKnownFileType = sourcecode.swift; name = SnapshotTests.swift; path = Tests/UITests/SnapshotTests.swift; sourceTree = SOURCE_ROOT; };
		SNAP00112233445566778899AD /* SnapshotHelper.swift */ = {isa = PBXFileReference; fileEncoding = 4; lastKnownFileType = sourcecode.swift; name = SnapshotHelper.swift; path = Tests/UITests/SnapshotHelper.swift; sourceTree = SOURCE_ROOT; };
		A11Y00112233445566778899AB /* AccessibilityAuditTests.swift */ = {isa = PBXFileReference; fileEncoding = 4; lastKnownFileType = sourcecode.swift; name = AccessibilityAuditTests.swift; path = Tests/UITests/AccessibilityAuditTests.swift; sourceTree = SOURCE_ROOT; };
/* End PBXFileReference section */

/* Begin PBXFrameworksBuildPhase section */
		CDBECD522D4010D1006A37C9 /* Frameworks */ = {
			isa = PBXFrameworksBuildPhase;
			buildActionMask = 2147483647;
			files = (
			);
			runOnlyForDeploymentPostprocessing = 0;
		};
		CDBECD652D4010D2006A37C9 /* Frameworks */ = {
			isa = PBXFrameworksBuildPhase;
			buildActionMask = 2147483647;
			files = (
			);
			runOnlyForDeploymentPostprocessing = 0;
		};
		CDBECD6F2D4010D2006A37C9 /* Frameworks */ = {
			isa = PBXFrameworksBuildPhase;
			buildActionMask = 2147483647;
			files = (
			);
			runOnlyForDeploymentPostprocessing = 0;
		};
/* End PBXFrameworksBuildPhase section */

/* Begin PBXGroup section */
		245670B015E1106199C3FA7C /* Home */ = {
			isa = PBXGroup;
			children = (
				504469625D50C14C530203D9 /* GetSupportView.swift */,
			);
			path = Home;
			sourceTree = "<group>";
		};
		30ECBB2634F45A34D210D2CC /* Sources */ = {
			isa = PBXGroup;
			children = (
				4F5DFD5D83FC1944F6C780A1 /* Services */,
				80F252B36BF6D4F356BF71F6 /* Views */,
			);
			path = Sources;
			sourceTree = "<group>";
		};
		3A0D5F3F33A7A62E4A56AD1E = {
			isa = PBXGroup;
			children = (
			);
			sourceTree = "<group>";
		};
		441725ED48A25995A64D976C /* Content */ = {
			isa = PBXGroup;
			children = (
				3A0D5F3F33A7A62E4A56AD1E,
				C2D569DC92C1BD5063934679 /* ContentEvaluator.swift */,
				EB83B32D169194F44D093628 /* ContentLoader.swift */,
				2615D32F0F291FD5132C88B3 /* ContentModels.swift */,
			);
			path = Content;
			sourceTree = "<group>";
		};
		4F5DFD5D83FC1944F6C780A1 /* Services */ = {
			isa = PBXGroup;
			children = (
				441725ED48A25995A64D976C /* Content */,
			);
			path = Services;
			sourceTree = "<group>";
		};
		6A95F01E223B671B2834BF7D /* Content */ = {
			isa = PBXGroup;
			children = (
				C857E6F10A3503075969CDDF /* nudges.json */,
				24377BF94DDC1920ADC9131C /* resources.json */,
				2CECA96FDA217ECAD0E3B085 /* signals.json */,
				2716100D868C3095A2A7F8B6 /* tips.json */,
				DEB4B26003B5E409A8EAB915 /* insights.json */,
			);
			path = Content;
			sourceTree = "<group>";
		};
		80F252B36BF6D4F356BF71F6 /* Views */ = {
			isa = PBXGroup;
			children = (
				245670B015E1106199C3FA7C /* Home */,
			);
			path = Views;
			sourceTree = "<group>";
		};
		CD218E552D4021EB009B5198 /* Utilities */ = {
			isa = PBXGroup;
			children = (
			);
			name = Utilities;
			path = Sources/Utilities;
			sourceTree = "<group>";
		};
		CD218E572D4021EB009B5198 /* Models */ = {
			isa = PBXGroup;
			children = (
				CD27092B2D4449EF003994F9 /* TestData */,
				CD218E562D4021EB009B5198 /* CycleDay.swift */,
				AA11223344556677889900AA /* CyclePhase.swift */,
				AA11223344556677889900CC /* CycleSeedData.swift */,
			);
			name = Models;
			path = Sources/Models;
			sourceTree = "<group>";
		};
		CD218E582D4021EB009B5198 /* Shared */ = {
			isa = PBXGroup;
			children = (
				CD218E9E2D4303F1009B5198 /* Theme */,
			);
			name = Shared;
			path = Sources/Shared;
			sourceTree = "<group>";
		};
		CD218E592D4021EB009B5198 /* Network */ = {
			isa = PBXGroup;
			children = (
			);
			path = Network;
			sourceTree = "<group>";
		};
		CD218E5B2D4021EB009B5198 /* Persistence */ = {
			isa = PBXGroup;
			children = (
				CD218EAA2D43CD99009B5198 /* PersistenceService.swift */,
				CD218E5A2D4021EB009B5198 /* CycleStore.swift */,
				AA11223344556677889900EE /* CyclePredictionEngine.swift */,
				3E954215BF114795B8EDFF2F /* SymptomPatternEngine.swift */,
			);
			path = Persistence;
			sourceTree = "<group>";
		};
		CD218E5C2D4021EB009B5198 /* Services */ = {
			isa = PBXGroup;
			children = (
				CD27092E2D444A27003994F9 /* TestData */,
				CD218E732D4169C5009B5198 /* Security */,
				CD218E592D4021EB009B5198 /* Network */,
				CD218E5B2D4021EB009B5198 /* Persistence */,
				EE4A5B6C7D8E9F0A1B2C3D4E /* Notifications */,
			);
			name = Services;
			path = Sources/Services;
			sourceTree = "<group>";
		};
		CD218E5E2D4021EB009B5198 /* ViewModels */ = {
			isa = PBXGroup;
			children = (
				CD218E5D2D4021EB009B5198 /* HomeViewModel.swift */,
			);
			name = ViewModels;
			path = Sources/ViewModels;
			sourceTree = "<group>";
		};
		CD218E612D4021EB009B5198 /* Home */ = {
			isa = PBXGroup;
			children = (
				CD218EA42D43CC89009B5198 /* CycleCalendarView.swift */,
				CD218E5F2D4021EB009B5198 /* HomeView.swift */,
				CD218E602D4021EB009B5198 /* LogDayView.swift */,
				BB11223344556677889900AA /* CyclePhaseCard.swift */,
				CC99887766554433221100EE /* CycleRingSummaryCard.swift */,
				BB11223344556677889900CC /* QuickLogView.swift */,
				CC55667788990011AABBCCEE /* PulseView.swift */,
				DD11223344556677889900BB /* DartboardViewModel.swift */,
				DD11223344556677889900DD /* DartboardView.swift */,
				DD11223344556677889900FF /* CategoryStripView.swift */,
				DD22334455667788990011BB /* FlowCenterIndicator.swift */,
				CC44556677889900AABBCCDD /* ForecastView.swift */,
				EE2A3B4C5D6E7F8A9B0C1D2E /* PhaseTipCard.swift */,
				EE3A4B5C6D7E8F9A0B1C2D3E /* PatternNudgeCard.swift */,
				FE2E1432FC934814B484C260 /* InsightCard.swift */,
				FF33445566778899AABBCCBB /* WeekRibbonView.swift */,
			);
			path = Home;
			sourceTree = "<group>";
		};
		CD218E622D4021EB009B5198 /* Profile */ = {
			isa = PBXGroup;
			children = (
			);
			path = Profile;
			sourceTree = "<group>";
		};
		CD218E632D4021EB009B5198 /* Views */ = {
			isa = PBXGroup;
			children = (
				CD218E8A2D419279009B5198 /* Onboarding */,
				CD218E8C2D419279009B5198 /* Settings */,
				CD218E762D416A3D009B5198 /* Security */,
				CD218E6D2D405C1D009B5198 /* Debug */,
				CD218E612D4021EB009B5198 /* Home */,
				CD218E622D4021EB009B5198 /* Profile */,
			);
			name = Views;
			path = Sources/Views;
			sourceTree = "<group>";
		};
		CD218E652D4021EB009B5198 /* App */ = {
			isa = PBXGroup;
			children = (
				CD218E642D4021EB009B5198 /* SafeFlowApp.swift */,
			);
			name = App;
			path = Sources/App;
			sourceTree = "<group>";
		};
		CD218E6D2D405C1D009B5198 /* Debug */ = {
			isa = PBXGroup;
			children = (
				CD2709282D4449C2003994F9 /* TestCaseRunner.swift */,
				CD218E6C2D405C1D009B5198 /* DebugMenu.swift */,
			);
			path = Debug;
			sourceTree = "<group>";
		};
		CD218E702D405C85009B5198 /* Utilities */ = {
			isa = PBXGroup;
			children = (
				CD218E6F2D405C85009B5198 /* TestData.swift */,
			);
			name = Utilities;
			path = Sources/Utilities;
			sourceTree = "<group>";
		};
		CD218E732D4169C5009B5198 /* Security */ = {
			isa = PBXGroup;
			children = (
				CD218E912D41994E009B5198 /* SecurityManager.swift */,
				CD218E722D4169C5009B5198 /* SecurityService.swift */,
			);
			path = Security;
			sourceTree = "<group>";
		};
		CD218E762D416A3D009B5198 /* Security */ = {
			isa = PBXGroup;
			children = (
				CD218E8F2D4198F5009B5198 /* PinSetupView.swift */,
				CD218E752D416A3D009B5198 /* LockView.swift */,
			);
			path = Security;
			sourceTree = "<group>";
		};
		CD218E8A2D419279009B5198 /* Onboarding */ = {
			isa = PBXGroup;
			children = (
				CD218E892D419279009B5198 /* OnboardingView.swift */,
			);
			path = Onboarding;
			sourceTree = "<group>";
		};
		CD218E8C2D419279009B5198 /* Settings */ = {
			isa = PBXGroup;
			children = (
				CD218E8B2D419279009B5198 /* SettingsView.swift */,
			);
			path = Settings;
			sourceTree = "<group>";
		};
		CD218E9E2D4303F1009B5198 /* Theme */ = {
			isa = PBXGroup;
			children = (
				CD218E9C2D4303F1009B5198 /* AppTheme.swift */,
				CD218E9D2D4303F1009B5198 /* ViewModifiers.swift */,
			);
			path = Theme;
			sourceTree = "<group>";
		};
		CD218EA92D43CD2B009B5198 /* Frameworks */ = {
			isa = PBXGroup;
			children = (
			);
			name = Frameworks;
			sourceTree = "<group>";
		};
		CD27092B2D4449EF003994F9 /* TestData */ = {
			isa = PBXGroup;
			children = (
				CD27092A2D4449EF003994F9 /* CycleTestCase.swift */,
			);
			path = TestData;
			sourceTree = "<group>";
		};
		CD27092E2D444A27003994F9 /* TestData */ = {
			isa = PBXGroup;
			children = (
				CD27092D2D444A27003994F9 /* TestDataLoader.swift */,
			);
			path = TestData;
			sourceTree = "<group>";
		};
		CD2709632D46AFCC003994F9 /* TestData */ = {
			isa = PBXGroup;
			children = (
				CD27095A2D46AFCC003994F9 /* irregular_cycle_metadata.csv */,
				CD27095B2D46AFCC003994F9 /* irregular_cycle_predictions.csv */,
				CD27095C2D46AFCC003994F9 /* irregular_cycle.csv */,
				CD27095D2D46AFCC003994F9 /* regular_28_day_cycle_metadata.csv */,
				CD27095E2D46AFCC003994F9 /* regular_28_day_cycle_predictions.csv */,
				CD27095F2D46AFCC003994F9 /* regular_28_day_cycle.csv */,
				CD2709602D46AFCC003994F9 /* sparse_data_metadata.csv */,
				CD2709612D46AFCC003994F9 /* sparse_data_predictions.csv */,
				CD2709622D46AFCC003994F9 /* sparse_data.csv */,
				EE453D4CD80C0EF166203A9C /* symptom_rich_cycles.csv */,
				BB001122334455667788991A /* scenario_new_user.csv */,
				BB001122334455667788992A /* scenario_high_variability.csv */,
				BB001122334455667788993A /* scenario_heavy_flow.csv */,
				BB001122334455667788994A /* scenario_escalating_cramps.csv */,
				BB001122334455667788995A /* scenario_overdue_cycle.csv */,
				BB001122334455667788996A /* scenario_pmdd_pattern.csv */,
			);
			path = TestData;
			sourceTree = "<group>";
		};
		CD2709642D46AFCC003994F9 /* Resources */ = {
			isa = PBXGroup;
			children = (
				CD2709632D46AFCC003994F9 /* TestData */,
				6A95F01E223B671B2834BF7D /* Content */,
			);
			path = Resources;
			sourceTree = "<group>";
		};
		CDBECD4C2D4010D1006A37C9 = {
			isa = PBXGroup;
			children = (
				CDBA2CD12F8AD9DA00043524 /* SafeFlowDefault.xctestplan */,
				CDDC84DA2F8AD8F10013BF34 /* SafeFlowLocalisation.xctestplan */,
				CDDC84D92F8AD8F10013BF34 /* SafeFlowAccessibility.xctestplan */,
				CD2709642D46AFCC003994F9 /* Resources */,
				CD218E702D405C85009B5198 /* Utilities */,
				CD218E652D4021EB009B5198 /* App */,
				CD218E572D4021EB009B5198 /* Models */,
				CD218E5C2D4021EB009B5198 /* Services */,
				CD218E582D4021EB009B5198 /* Shared */,
				CD218E552D4021EB009B5198 /* Utilities */,
				CD218E5E2D4021EB009B5198 /* ViewModels */,
				CD218E632D4021EB009B5198 /* Views */,
				CDBECD572D4010D1006A37C9 /* safeflow */,
				CDBECD6B2D4010D2006A37C9 /* safeflowTests */,
				CDBECD752D4010D2006A37C9 /* safeflowUITests */,
				CDBECD562D4010D1006A37C9 /* Products */,
				CD218EA92D43CD2B009B5198 /* Frameworks */,
				30ECBB2634F45A34D210D2CC /* Sources */,
			);
			sourceTree = "<group>";
		};
		CDBECD562D4010D1006A37C9 /* Products */ = {
			isa = PBXGroup;
			children = (
				CDBECD552D4010D1006A37C9 /* safeflow.app */,
				CDBECD682D4010D2006A37C9 /* safeflowTests.xctest */,
				CDBECD722D4010D2006A37C9 /* safeflowUITests.xctest */,
			);
			name = Products;
			sourceTree = "<group>";
		};
		CDBECD572D4010D1006A37C9 /* safeflow */ = {
			isa = PBXGroup;
			children = (
				CDDC84D72F8AA9640013BF34 /* Localizable.xcstrings */,
				CD218E852D416B8D009B5198 /* Info.plist */,
				FFAA112233445566778899BB /* PrivacyInfo.xcprivacy */,
				CDBECD5E2D4010D2006A37C9 /* Assets.xcassets */,
				CDBECD602D4010D2006A37C9 /* safeflow.entitlements */,
				CDBECD612D4010D2006A37C9 /* Preview Content */,
			);
			path = safeflow;
			sourceTree = "<group>";
		};
		CDBECD612D4010D2006A37C9 /* Preview Content */ = {
			isa = PBXGroup;
			children = (
				CDBECD622D4010D2006A37C9 /* Preview Assets.xcassets */,
			);
			path = "Preview Content";
			sourceTree = "<group>";
		};
		CDBECD6B2D4010D2006A37C9 /* safeflowTests */ = {
			isa = PBXGroup;
			children = (
				CD218E962D41A086009B5198 /* SecurityTests.swift */,
				BB112233445566778899AA00 /* CyclePredictionEngineTests.swift */,
				CDBECD6C2D4010D2006A37C9 /* safeflowTests.swift */,
			);
			path = safeflowTests;
			sourceTree = "<group>";
		};
		CDBECD752D4010D2006A37C9 /* safeflowUITests */ = {
			isa = PBXGroup;
			children = (
				CD218E992D41A0AF009B5198 /* safeflowUITests.swift */,
				CD218E982D41A0AF009B5198 /* safeflowUITestsLaunchTests.swift */,
				CDA11Y002D4010D2006A37C9 /* AccessibilityUITests.swift */,
				CDA11Y022D4010D2006A37C9 /* DynamicTypeUITests.swift */,
				CDL10N002D4010D2006A37C9 /* LocalisationUITests.swift */,
				SNAP00112233445566778899AB /* SnapshotTests.swift */,
				SNAP00112233445566778899AD /* SnapshotHelper.swift */,
				A11Y00112233445566778899AB /* AccessibilityAuditTests.swift */,
			);
			path = safeflowUITests;
			sourceTree = "<group>";
		};
		EE4A5B6C7D8E9F0A1B2C3D4E /* Notifications */ = {
			isa = PBXGroup;
			children = (
				EE1A2B3C4D5E6F7A8B9C0D1E /* NotificationService.swift */,
			);
			path = Notifications;
			sourceTree = "<group>";
		};
/* End PBXGroup section */

/* Begin PBXNativeTarget section */
		CDBECD542D4010D1006A37C9 /* safeflow */ = {
			isa = PBXNativeTarget;
			buildConfigurationList = CDBECD7C2D4010D2006A37C9 /* Build configuration list for PBXNativeTarget "safeflow" */;
			buildPhases = (
				CDBECD512D4010D1006A37C9 /* Sources */,
				CDBECD522D4010D1006A37C9 /* Frameworks */,
				CDBECD532D4010D1006A37C9 /* Resources */,
			);
			buildRules = (
			);
			dependencies = (
			);
			name = safeflow;
			productName = safeflow;
			productReference = CDBECD552D4010D1006A37C9 /* safeflow.app */;
			productType = "com.apple.product-type.application";
		};
		CDBECD672D4010D2006A37C9 /* safeflowTests */ = {
			isa = PBXNativeTarget;
			buildConfigurationList = CDBECD7F2D4010D2006A37C9 /* Build configuration list for PBXNativeTarget "safeflowTests" */;
			buildPhases = (
				CDBECD642D4010D2006A37C9 /* Sources */,
				CDBECD652D4010D2006A37C9 /* Frameworks */,
				CDBECD662D4010D2006A37C9 /* Resources */,
			);
			buildRules = (
			);
			dependencies = (
				CDBECD6A2D4010D2006A37C9 /* PBXTargetDependency */,
			);
			name = safeflowTests;
			productName = safeflowTests;
			productReference = CDBECD682D4010D2006A37C9 /* safeflowTests.xctest */;
			productType = "com.apple.product-type.bundle.unit-test";
		};
		CDBECD712D4010D2006A37C9 /* safeflowUITests */ = {
			isa = PBXNativeTarget;
			buildConfigurationList = CDBECD822D4010D2006A37C9 /* Build configuration list for PBXNativeTarget "safeflowUITests" */;
			buildPhases = (
				CDBECD6E2D4010D2006A37C9 /* Sources */,
				CDBECD6F2D4010D2006A37C9 /* Frameworks */,
				CDBECD702D4010D2006A37C9 /* Resources */,
			);
			buildRules = (
			);
			dependencies = (
				CDBECD742D4010D2006A37C9 /* PBXTargetDependency */,
			);
			name = safeflowUITests;
			productName = safeflowUITests;
			productReference = CDBECD722D4010D2006A37C9 /* safeflowUITests.xctest */;
			productType = "com.apple.product-type.bundle.ui-testing";
		};
/* End PBXNativeTarget section */

/* Begin PBXProject section */
		CDBECD4D2D4010D1006A37C9 /* Project object */ = {
			isa = PBXProject;
			attributes = {
				BuildIndependentTargetsInParallel = 1;
				LastSwiftUpdateCheck = 1540;
				LastUpgradeCheck = 1540;
				TargetAttributes = {
					CDBECD542D4010D1006A37C9 = {
						CreatedOnToolsVersion = 15.4;
					};
					CDBECD672D4010D2006A37C9 = {
						CreatedOnToolsVersion = 15.4;
						TestTargetID = CDBECD542D4010D1006A37C9;
					};
					CDBECD712D4010D2006A37C9 = {
						CreatedOnToolsVersion = 15.4;
						TestTargetID = CDBECD542D4010D1006A37C9;
					};
				};
			};
			buildConfigurationList = CDBECD502D4010D1006A37C9 /* Build configuration list for PBXProject "safeflow" */;
			compatibilityVersion = "Xcode 14.0";
			developmentRegion = en;
			hasScannedForEncodings = 0;
			knownRegions = (
				en,
				Base,
				de,
				es,
				fr,
			);
			mainGroup = CDBECD4C2D4010D1006A37C9;
			packageReferences = (
			);
			productRefGroup = CDBECD562D4010D1006A37C9 /* Products */;
			projectDirPath = "";
			projectRoot = "";
			targets = (
				CDBECD542D4010D1006A37C9 /* safeflow */,
				CDBECD672D4010D2006A37C9 /* safeflowTests */,
				CDBECD712D4010D2006A37C9 /* safeflowUITests */,
			);
		};
/* End PBXProject section */

/* Begin PBXResourcesBuildPhase section */
		CDBECD532D4010D1006A37C9 /* Resources */ = {
			isa = PBXResourcesBuildPhase;
			buildActionMask = 2147483647;
			files = (
				CD27096B2D46AFCC003994F9 /* irregular_cycle.csv in Resources */,
				CD27097A2D46AFCC003994F9 /* sparse_data_predictions.csv in Resources */,
				CD2709742D46AFCC003994F9 /* regular_28_day_cycle.csv in Resources */,
				CD2709682D46AFCC003994F9 /* irregular_cycle_predictions.csv in Resources */,
				CD27096E2D46AFCC003994F9 /* regular_28_day_cycle_metadata.csv in Resources */,
				CDBECD632D4010D2006A37C9 /* Preview Assets.xcassets in Resources */,
				CD27097D2D46AFCC003994F9 /* sparse_data.csv in Resources */,
				CDBECD5F2D4010D2006A37C9 /* Assets.xcassets in Resources */,
				CD2709652D46AFCC003994F9 /* irregular_cycle_metadata.csv in Resources */,
				CD2709772D46AFCC003994F9 /* sparse_data_metadata.csv in Resources */,
				CD2709712D46AFCC003994F9 /* regular_28_day_cycle_predictions.csv in Resources */,
				CDDC84D82F8AA9640013BF34 /* Localizable.xcstrings in Resources */,
				C2CA3BB5227E61250FAE54DD /* symptom_rich_cycles.csv in Resources */,
				BB001122334455667788991C /* scenario_new_user.csv in Resources */,
				BB001122334455667788992C /* scenario_high_variability.csv in Resources */,
				BB001122334455667788993C /* scenario_heavy_flow.csv in Resources */,
				BB001122334455667788994C /* scenario_escalating_cramps.csv in Resources */,
				BB001122334455667788995C /* scenario_overdue_cycle.csv in Resources */,
				BB001122334455667788996C /* scenario_pmdd_pattern.csv in Resources */,
				732DBD33F96FDB7565E9203E /* nudges.json in Resources */,
				C36ABC27D2DEEF3058EDD7B7 /* resources.json in Resources */,
				AD98F4C4C596FA35562B2178 /* signals.json in Resources */,
				1E9B47B29E175F24C482F091 /* tips.json in Resources */,
				FCEAA915176D4CFB4AF1D69A /* insights.json in Resources */,
				FFAA112233445566778899CC /* PrivacyInfo.xcprivacy in Resources */,
			);
			runOnlyForDeploymentPostprocessing = 0;
		};
		CDBECD662D4010D2006A37C9 /* Resources */ = {
			isa = PBXResourcesBuildPhase;
			buildActionMask = 2147483647;
			files = (
				CD27096C2D46AFCC003994F9 /* irregular_cycle.csv in Resources */,
				CD27097E2D46AFCC003994F9 /* sparse_data.csv in Resources */,
				CD2709752D46AFCC003994F9 /* regular_28_day_cycle.csv in Resources */,
				CD2709782D46AFCC003994F9 /* sparse_data_metadata.csv in Resources */,
				CD2709722D46AFCC003994F9 /* regular_28_day_cycle_predictions.csv in Resources */,
				CD2709692D46AFCC003994F9 /* irregular_cycle_predictions.csv in Resources */,
				CD27096F2D46AFCC003994F9 /* regular_28_day_cycle_metadata.csv in Resources */,
				CD2709662D46AFCC003994F9 /* irregular_cycle_metadata.csv in Resources */,
				CD27097B2D46AFCC003994F9 /* sparse_data_predictions.csv in Resources */,
				C6CAF31492E0B1DCCA518BA7 /* symptom_rich_cycles.csv in Resources */,
				BB001122334455667788991D /* scenario_new_user.csv in Resources */,
				BB001122334455667788992D /* scenario_high_variability.csv in Resources */,
				BB001122334455667788993D /* scenario_heavy_flow.csv in Resources */,
				BB001122334455667788994D /* scenario_escalating_cramps.csv in Resources */,
				BB001122334455667788995D /* scenario_overdue_cycle.csv in Resources */,
				BB001122334455667788996D /* scenario_pmdd_pattern.csv in Resources */,
			);
			runOnlyForDeploymentPostprocessing = 0;
		};
		CDBECD702D4010D2006A37C9 /* Resources */ = {
			isa = PBXResourcesBuildPhase;
			buildActionMask = 2147483647;
			files = (
				CD27096D2D46AFCC003994F9 /* irregular_cycle.csv in Resources */,
				CD27097F2D46AFCC003994F9 /* sparse_data.csv in Resources */,
				CD2709762D46AFCC003994F9 /* regular_28_day_cycle.csv in Resources */,
				CD2709792D46AFCC003994F9 /* sparse_data_metadata.csv in Resources */,
				CD2709732D46AFCC003994F9 /* regular_28_day_cycle_predictions.csv in Resources */,
				CD27096A2D46AFCC003994F9 /* irregular_cycle_predictions.csv in Resources */,
				CD2709702D46AFCC003994F9 /* regular_28_day_cycle_metadata.csv in Resources */,
				CD2709672D46AFCC003994F9 /* irregular_cycle_metadata.csv in Resources */,
				CD27097C2D46AFCC003994F9 /* sparse_data_predictions.csv in Resources */,
				8FDC1DF9FB94376469C80938 /* symptom_rich_cycles.csv in Resources */,
				BB001122334455667788991E /* scenario_new_user.csv in Resources */,
				BB001122334455667788992E /* scenario_high_variability.csv in Resources */,
				BB001122334455667788993E /* scenario_heavy_flow.csv in Resources */,
				BB001122334455667788994E /* scenario_escalating_cramps.csv in Resources */,
				BB001122334455667788995E /* scenario_overdue_cycle.csv in Resources */,
				BB001122334455667788996E /* scenario_pmdd_pattern.csv in Resources */,
			);
			runOnlyForDeploymentPostprocessing = 0;
		};
/* End PBXResourcesBuildPhase section */

/* Begin PBXSourcesBuildPhase section */
		CDBECD512D4010D1006A37C9 /* Sources */ = {
			isa = PBXSourcesBuildPhase;
			buildActionMask = 2147483647;
			files = (
				CD218E672D4021EB009B5198 /* CycleStore.swift in Sources */,
				CD218E6E2D405C1D009B5198 /* DebugMenu.swift in Sources */,
				CD27092C2D4449EF003994F9 /* CycleTestCase.swift in Sources */,
				CD218E6A2D4021EB009B5198 /* LogDayView.swift in Sources */,
				CD27092F2D444A27003994F9 /* TestDataLoader.swift in Sources */,
				CD218E902D4198F5009B5198 /* PinSetupView.swift in Sources */,
				CD218EA52D43CC89009B5198 /* CycleCalendarView.swift in Sources */,
				CD218E772D416A3D009B5198 /* LockView.swift in Sources */,
				CD218E712D405C85009B5198 /* TestData.swift in Sources */,
				CD2709292D4449C2003994F9 /* TestCaseRunner.swift in Sources */,
				CD218EAB2D43CD99009B5198 /* PersistenceService.swift in Sources */,
				CD218E662D4021EB009B5198 /* CycleDay.swift in Sources */,
				CD218E692D4021EB009B5198 /* HomeView.swift in Sources */,
				CD218E742D4169C5009B5198 /* SecurityService.swift in Sources */,
				CD218E9F2D4303F1009B5198 /* AppTheme.swift in Sources */,
				CD218E6B2D4021EB009B5198 /* SafeFlowApp.swift in Sources */,
				CD218EA02D4303F1009B5198 /* ViewModifiers.swift in Sources */,
				CD218E8E2D419279009B5198 /* SettingsView.swift in Sources */,
				CD218E682D4021EB009B5198 /* HomeViewModel.swift in Sources */,
				CD218E8D2D419279009B5198 /* OnboardingView.swift in Sources */,
				CD218E942D41994E009B5198 /* SecurityManager.swift in Sources */,
				AA11223344556677889900BB /* CyclePhase.swift in Sources */,
				AA11223344556677889900DD /* CycleSeedData.swift in Sources */,
				AA11223344556677889900FF /* CyclePredictionEngine.swift in Sources */,
				BB11223344556677889900BB /* CyclePhaseCard.swift in Sources */,
				CC99887766554433221100FF /* CycleRingSummaryCard.swift in Sources */,
				BB11223344556677889900DD /* QuickLogView.swift in Sources */,
				CC55667788990011AABBCCFF /* PulseView.swift in Sources */,
				DD11223344556677889900AA /* DartboardViewModel.swift in Sources */,
				DD11223344556677889900CC /* DartboardView.swift in Sources */,
				DD11223344556677889900EE /* CategoryStripView.swift in Sources */,
				DD22334455667788990011AA /* FlowCenterIndicator.swift in Sources */,
				CC44556677889900AABBCCEE /* ForecastView.swift in Sources */,
				EE1A2B3C4D5E6F7A8B9C0D1F /* NotificationService.swift in Sources */,
				EE2A3B4C5D6E7F8A9B0C1D2F /* PhaseTipCard.swift in Sources */,
				EE3A4B5C6D7E8F9A0B1C2D3F /* PatternNudgeCard.swift in Sources */,
				078E2C4C2D6A4522B31123C8 /* SymptomPatternEngine.swift in Sources */,
				B78D7DC838B549AAB7F3D5D9 /* InsightCard.swift in Sources */,
				FF33445566778899AABBCCAA /* WeekRibbonView.swift in Sources */,
				BDD6ADD80D7817503073B907 /* ContentEvaluator.swift in Sources */,
				F72F6ADD51E8B5767A8BDA43 /* ContentLoader.swift in Sources */,
				4258F31950009A771FFD2BAB /* ContentModels.swift in Sources */,
				D9E1983807F2E1A042E2EDD4 /* GetSupportView.swift in Sources */,
			);
			runOnlyForDeploymentPostprocessing = 0;
		};
		CDBECD642D4010D2006A37C9 /* Sources */ = {
			isa = PBXSourcesBuildPhase;
			buildActionMask = 2147483647;
			files = (
				CDBECD6D2D4010D2006A37C9 /* safeflowTests.swift in Sources */,
				CD218E972D41A086009B5198 /* SecurityTests.swift in Sources */,
				BB112233445566778899AA01 /* CyclePredictionEngineTests.swift in Sources */,
			);
			runOnlyForDeploymentPostprocessing = 0;
		};
		CDBECD6E2D4010D2006A37C9 /* Sources */ = {
			isa = PBXSourcesBuildPhase;
			buildActionMask = 2147483647;
			files = (
				CD218E9B2D41A0AF009B5198 /* safeflowUITests.swift in Sources */,
				CD218E9A2D41A0AF009B5198 /* safeflowUITestsLaunchTests.swift in Sources */,
				CDA11Y012D4010D2006A37C9 /* AccessibilityUITests.swift in Sources */,
				CDA11Y032D4010D2006A37C9 /* DynamicTypeUITests.swift in Sources */,
				CDL10N012D4010D2006A37C9 /* LocalisationUITests.swift in Sources */,
				SNAP00112233445566778899AA /* SnapshotTests.swift in Sources */,
				SNAP00112233445566778899AC /* SnapshotHelper.swift in Sources */,
				A11Y00112233445566778899AA /* AccessibilityAuditTests.swift in Sources */,
			);
			runOnlyForDeploymentPostprocessing = 0;
		};
/* End PBXSourcesBuildPhase section */

/* Begin PBXTargetDependency section */
		CDBECD6A2D4010D2006A37C9 /* PBXTargetDependency */ = {
			isa = PBXTargetDependency;
			target = CDBECD542D4010D1006A37C9 /* safeflow */;
			targetProxy = CDBECD692D4010D2006A37C9 /* PBXContainerItemProxy */;
		};
		CDBECD742D4010D2006A37C9 /* PBXTargetDependency */ = {
			isa = PBXTargetDependency;
			target = CDBECD542D4010D1006A37C9 /* safeflow */;
			targetProxy = CDBECD732D4010D2006A37C9 /* PBXContainerItemProxy */;
		};
/* End PBXTargetDependency section */

/* Begin XCBuildConfiguration section */
		CDB18F442F7E0EA200B12B2F /* Beta */ = {
			isa = XCBuildConfiguration;
			buildSettings = {
				ALWAYS_SEARCH_USER_PATHS = NO;
				ASSETCATALOG_COMPILER_GENERATE_SWIFT_ASSET_SYMBOL_EXTENSIONS = YES;
				CLANG_ANALYZER_NONNULL = YES;
				CLANG_ANALYZER_NUMBER_OBJECT_CONVERSION = YES_AGGRESSIVE;
				CLANG_CXX_LANGUAGE_STANDARD = "gnu++20";
				CLANG_ENABLE_MODULES = YES;
				CLANG_ENABLE_OBJC_ARC = YES;
				CLANG_ENABLE_OBJC_WEAK = YES;
				CLANG_WARN_BLOCK_CAPTURE_AUTORELEASING = YES;
				CLANG_WARN_BOOL_CONVERSION = YES;
				CLANG_WARN_COMMA = YES;
				CLANG_WARN_CONSTANT_CONVERSION = YES;
				CLANG_WARN_DEPRECATED_OBJC_IMPLEMENTATIONS = YES;
				CLANG_WARN_DIRECT_OBJC_ISA_USAGE = YES_ERROR;
				CLANG_WARN_DOCUMENTATION_COMMENTS = YES;
				CLANG_WARN_EMPTY_BODY = YES;
				CLANG_WARN_ENUM_CONVERSION = YES;
				CLANG_WARN_INFINITE_RECURSION = YES;
				CLANG_WARN_INT_CONVERSION = YES;
				CLANG_WARN_NON_LITERAL_NULL_CONVERSION = YES;
				CLANG_WARN_OBJC_IMPLICIT_RETAIN_SELF = YES;
				CLANG_WARN_OBJC_LITERAL_CONVERSION = YES;
				CLANG_WARN_OBJC_ROOT_CLASS = YES_ERROR;
				CLANG_WARN_QUOTED_INCLUDE_IN_FRAMEWORK_HEADER = YES;
				CLANG_WARN_RANGE_LOOP_ANALYSIS = YES;
				CLANG_WARN_STRICT_PROTOTYPES = YES;
				CLANG_WARN_SUSPICIOUS_MOVE = YES;
				CLANG_WARN_UNGUARDED_AVAILABILITY = YES_AGGRESSIVE;
				CLANG_WARN_UNREACHABLE_CODE = YES;
				CLANG_WARN__DUPLICATE_METHOD_MATCH = YES;
				COPY_PHASE_STRIP = NO;
				DEBUG_INFORMATION_FORMAT = "dwarf-with-dsym";
				ENABLE_STRICT_OBJC_MSGSEND = YES;
				ENABLE_TESTABILITY = YES;
				ENABLE_USER_SCRIPT_SANDBOXING = YES;
				GCC_C_LANGUAGE_STANDARD = gnu17;
				GCC_DYNAMIC_NO_PIC = NO;
				GCC_NO_COMMON_BLOCKS = YES;
				GCC_OPTIMIZATION_LEVEL = 0;
				GCC_PREPROCESSOR_DEFINITIONS = (
					"$(inherited)",
				);
				GCC_WARN_64_TO_32_BIT_CONVERSION = YES;
				GCC_WARN_ABOUT_RETURN_TYPE = YES_ERROR;
				GCC_WARN_UNDECLARED_SELECTOR = YES;
				GCC_WARN_UNINITIALIZED_AUTOS = YES_AGGRESSIVE;
				GCC_WARN_UNUSED_FUNCTION = YES;
				GCC_WARN_UNUSED_VARIABLE = YES;
				LOCALIZATION_PREFERS_STRING_CATALOGS = YES;
				MTL_ENABLE_DEBUG_INFO = INCLUDE_SOURCE;
				MTL_FAST_MATH = YES;
				ONLY_ACTIVE_ARCH = NO;
				SWIFT_ACTIVE_COMPILATION_CONDITIONS = "BETA $(inherited)";
				SWIFT_EMIT_LOC_STRINGS = YES;
				SWIFT_OPTIMIZATION_LEVEL = "-O";
			};
			name = Beta;
		};
		CDB18F452F7E0EA200B12B2F /* Beta */ = {
			isa = XCBuildConfiguration;
			buildSettings = {
				ASSETCATALOG_COMPILER_APPICON_NAME = AppIcon;
				ASSETCATALOG_COMPILER_GLOBAL_ACCENT_COLOR_NAME = AccentColor;
				CODE_SIGN_ENTITLEMENTS = safeflow/safeflow.entitlements;
				CODE_SIGN_IDENTITY = "Apple Distribution";
				CODE_SIGN_STYLE = Manual;
				CURRENT_PROJECT_VERSION = 2;
				DEVELOPMENT_ASSET_PATHS = "safeflow/Preview\\ Content";
				DEVELOPMENT_TEAM = 8NQMHUGDM7;
				ENABLE_PREVIEWS = YES;
				GENERATE_INFOPLIST_FILE = NO;
				INFOPLIST_FILE = safeflow/Info.plist;
				INFOPLIST_KEY_CFBundleDisplayName = "Clio Daye";
				INFOPLIST_KEY_LSApplicationCategoryType = "public.app-category.healthcare-fitness";
				"INFOPLIST_KEY_UIApplicationSceneManifest_Generation[sdk=iphoneos*]" = YES;
				"INFOPLIST_KEY_UIApplicationSceneManifest_Generation[sdk=iphonesimulator*]" = YES;
				"INFOPLIST_KEY_UIApplicationSupportsIndirectInputEvents[sdk=iphoneos*]" = YES;
				"INFOPLIST_KEY_UILaunchScreen_Generation[sdk=iphoneos*]" = YES;
				"INFOPLIST_KEY_UILaunchScreen_Generation[sdk=iphonesimulator*]" = YES;
				"INFOPLIST_KEY_UIStatusBarStyle[sdk=iphoneos*]" = UIStatusBarStyleDefault;
				INFOPLIST_KEY_UISupportedInterfaceOrientations_iPad = "UIInterfaceOrientationPortrait UIInterfaceOrientationPortraitUpsideDown UIInterfaceOrientationLandscapeLeft UIInterfaceOrientationLandscapeRight";
				INFOPLIST_KEY_UISupportedInterfaceOrientations_iPhone = "UIInterfaceOrientationPortrait UIInterfaceOrientationLandscapeLeft UIInterfaceOrientationLandscapeRight";
				IPHONEOS_DEPLOYMENT_TARGET = 26.0;
				LD_RUNPATH_SEARCH_PATHS = "@executable_path/Frameworks";
				"LD_RUNPATH_SEARCH_PATHS[sdk=macosx*]" = "@executable_path/../Frameworks";
				MACOSX_DEPLOYMENT_TARGET = 14.0;
				MARKETING_VERSION = 0.4.0;
				PRODUCT_BUNDLE_IDENTIFIER = com.thevgergroup.safeflow;
				PRODUCT_NAME = "$(TARGET_NAME)";
				PROVISIONING_PROFILE_SPECIFIER = "b6728ec4-c939-4251-8e7b-4ab8f24be2fc";
				SDKROOT = iphoneos;
				SUPPORTED_PLATFORMS = "iphoneos iphonesimulator";
				SUPPORTS_MACCATALYST = NO;
				SWIFT_EMIT_LOC_STRINGS = YES;
				SWIFT_VERSION = 5.0;
				TARGETED_DEVICE_FAMILY = 1;
			};
			name = Beta;
		};
		CDB18F462F7E0EA200B12B2F /* Beta */ = {
			isa = XCBuildConfiguration;
			buildSettings = {
				BUNDLE_LOADER = "$(TEST_HOST)";
				CODE_SIGN_STYLE = Automatic;
				CURRENT_PROJECT_VERSION = 1;
				GENERATE_INFOPLIST_FILE = YES;
				IPHONEOS_DEPLOYMENT_TARGET = 17.5;
				MACOSX_DEPLOYMENT_TARGET = 14.4;
				MARKETING_VERSION = 0.4.0;
				PRODUCT_BUNDLE_IDENTIFIER = com.thevgergroup.safeflowTests;
				PRODUCT_NAME = "$(TARGET_NAME)";
				SDKROOT = auto;
				SUPPORTED_PLATFORMS = "iphoneos iphonesimulator";
				SUPPORTS_MACCATALYST = NO;
				SWIFT_EMIT_LOC_STRINGS = NO;
				SWIFT_VERSION = 5.0;
				TARGETED_DEVICE_FAMILY = 1;
				TEST_HOST = "$(BUILT_PRODUCTS_DIR)/safeflow.app/$(BUNDLE_EXECUTABLE_FOLDER_PATH)/safeflow";
			};
			name = Beta;
		};
		CDB18F472F7E0EA200B12B2F /* Beta */ = {
			isa = XCBuildConfiguration;
			buildSettings = {
				CODE_SIGN_STYLE = Automatic;
				CURRENT_PROJECT_VERSION = 1;
				GENERATE_INFOPLIST_FILE = YES;
				IPHONEOS_DEPLOYMENT_TARGET = 17.5;
				MACOSX_DEPLOYMENT_TARGET = 14.4;
				MARKETING_VERSION = 0.4.0;
				PRODUCT_BUNDLE_IDENTIFIER = com.thevgergroup.safeflowUITests;
				PRODUCT_NAME = "$(TARGET_NAME)";
				SDKROOT = auto;
				SUPPORTED_PLATFORMS = "iphoneos iphonesimulator";
				SUPPORTS_MACCATALYST = NO;
				SWIFT_EMIT_LOC_STRINGS = NO;
				SWIFT_VERSION = 5.0;
				TARGETED_DEVICE_FAMILY = 1;
				TEST_TARGET_NAME = safeflow;
			};
			name = Beta;
		};
		CDBECD7A2D4010D2006A37C9 /* Debug */ = {
			isa = XCBuildConfiguration;
			buildSettings = {
				ALWAYS_SEARCH_USER_PATHS = NO;
				ASSETCATALOG_COMPILER_GENERATE_SWIFT_ASSET_SYMBOL_EXTENSIONS = YES;
				CLANG_ANALYZER_NONNULL = YES;
				CLANG_ANALYZER_NUMBER_OBJECT_CONVERSION = YES_AGGRESSIVE;
				CLANG_CXX_LANGUAGE_STANDARD = "gnu++20";
				CLANG_ENABLE_MODULES = YES;
				CLANG_ENABLE_OBJC_ARC = YES;
				CLANG_ENABLE_OBJC_WEAK = YES;
				CLANG_WARN_BLOCK_CAPTURE_AUTORELEASING = YES;
				CLANG_WARN_BOOL_CONVERSION = YES;
				CLANG_WARN_COMMA = YES;
				CLANG_WARN_CONSTANT_CONVERSION = YES;
				CLANG_WARN_DEPRECATED_OBJC_IMPLEMENTATIONS = YES;
				CLANG_WARN_DIRECT_OBJC_ISA_USAGE = YES_ERROR;
				CLANG_WARN_DOCUMENTATION_COMMENTS = YES;
				CLANG_WARN_EMPTY_BODY = YES;
				CLANG_WARN_ENUM_CONVERSION = YES;
				CLANG_WARN_INFINITE_RECURSION = YES;
				CLANG_WARN_INT_CONVERSION = YES;
				CLANG_WARN_NON_LITERAL_NULL_CONVERSION = YES;
				CLANG_WARN_OBJC_IMPLICIT_RETAIN_SELF = YES;
				CLANG_WARN_OBJC_LITERAL_CONVERSION = YES;
				CLANG_WARN_OBJC_ROOT_CLASS = YES_ERROR;
				CLANG_WARN_QUOTED_INCLUDE_IN_FRAMEWORK_HEADER = YES;
				CLANG_WARN_RANGE_LOOP_ANALYSIS = YES;
				CLANG_WARN_STRICT_PROTOTYPES = YES;
				CLANG_WARN_SUSPICIOUS_MOVE = YES;
				CLANG_WARN_UNGUARDED_AVAILABILITY = YES_AGGRESSIVE;
				CLANG_WARN_UNREACHABLE_CODE = YES;
				CLANG_WARN__DUPLICATE_METHOD_MATCH = YES;
				COPY_PHASE_STRIP = NO;
				DEAD_CODE_STRIPPING = YES;
				DEBUG_INFORMATION_FORMAT = dwarf;
				ENABLE_HARDENED_RUNTIME = YES;
				ENABLE_STRICT_OBJC_MSGSEND = YES;
				ENABLE_TESTABILITY = YES;
				ENABLE_USER_SCRIPT_SANDBOXING = YES;
				GCC_C_LANGUAGE_STANDARD = gnu17;
				GCC_DYNAMIC_NO_PIC = NO;
				GCC_NO_COMMON_BLOCKS = YES;
				GCC_OPTIMIZATION_LEVEL = 0;
				GCC_PREPROCESSOR_DEFINITIONS = (
					"DEBUG=1",
					"$(inherited)",
				);
				GCC_WARN_64_TO_32_BIT_CONVERSION = YES;
				GCC_WARN_ABOUT_RETURN_TYPE = YES_ERROR;
				GCC_WARN_UNDECLARED_SELECTOR = YES;
				GCC_WARN_UNINITIALIZED_AUTOS = YES_AGGRESSIVE;
				GCC_WARN_UNUSED_FUNCTION = YES;
				GCC_WARN_UNUSED_VARIABLE = YES;
				LOCALIZATION_PREFERS_STRING_CATALOGS = YES;
				MTL_ENABLE_DEBUG_INFO = INCLUDE_SOURCE;
				MTL_FAST_MATH = YES;
				ONLY_ACTIVE_ARCH = YES;
				SWIFT_ACTIVE_COMPILATION_CONDITIONS = "DEBUG $(inherited)";
				SWIFT_EMIT_LOC_STRINGS = YES;
				SWIFT_OPTIMIZATION_LEVEL = "-Onone";
			};
			name = Debug;
		};
		CDBECD7B2D4010D2006A37C9 /* Release */ = {
			isa = XCBuildConfiguration;
			buildSettings = {
				ALWAYS_SEARCH_USER_PATHS = NO;
				ASSETCATALOG_COMPILER_GENERATE_SWIFT_ASSET_SYMBOL_EXTENSIONS = YES;
				CLANG_ANALYZER_NONNULL = YES;
				CLANG_ANALYZER_NUMBER_OBJECT_CONVERSION = YES_AGGRESSIVE;
				CLANG_CXX_LANGUAGE_STANDARD = "gnu++20";
				CLANG_ENABLE_MODULES = YES;
				CLANG_ENABLE_OBJC_ARC = YES;
				CLANG_ENABLE_OBJC_WEAK = YES;
				CLANG_WARN_BLOCK_CAPTURE_AUTORELEASING = YES;
				CLANG_WARN_BOOL_CONVERSION = YES;
				CLANG_WARN_COMMA = YES;
				CLANG_WARN_CONSTANT_CONVERSION = YES;
				CLANG_WARN_DEPRECATED_OBJC_IMPLEMENTATIONS = YES;
				CLANG_WARN_DIRECT_OBJC_ISA_USAGE = YES_ERROR;
				CLANG_WARN_DOCUMENTATION_COMMENTS = YES;
				CLANG_WARN_EMPTY_BODY = YES;
				CLANG_WARN_ENUM_CONVERSION = YES;
				CLANG_WARN_INFINITE_RECURSION = YES;
				CLANG_WARN_INT_CONVERSION = YES;
				CLANG_WARN_NON_LITERAL_NULL_CONVERSION = YES;
				CLANG_WARN_OBJC_IMPLICIT_RETAIN_SELF = YES;
				CLANG_WARN_OBJC_LITERAL_CONVERSION = YES;
				CLANG_WARN_OBJC_ROOT_CLASS = YES_ERROR;
				CLANG_WARN_QUOTED_INCLUDE_IN_FRAMEWORK_HEADER = YES;
				CLANG_WARN_RANGE_LOOP_ANALYSIS = YES;
				CLANG_WARN_STRICT_PROTOTYPES = YES;
				CLANG_WARN_SUSPICIOUS_MOVE = YES;
				CLANG_WARN_UNGUARDED_AVAILABILITY = YES_AGGRESSIVE;
				CLANG_WARN_UNREACHABLE_CODE = YES;
				CLANG_WARN__DUPLICATE_METHOD_MATCH = YES;
				COPY_PHASE_STRIP = NO;
				DEAD_CODE_STRIPPING = YES;
				DEBUG_INFORMATION_FORMAT = "dwarf-with-dsym";
				ENABLE_HARDENED_RUNTIME = YES;
				ENABLE_NS_ASSERTIONS = NO;
				ENABLE_STRICT_OBJC_MSGSEND = YES;
				ENABLE_USER_SCRIPT_SANDBOXING = YES;
				GCC_C_LANGUAGE_STANDARD = gnu17;
				GCC_NO_COMMON_BLOCKS = YES;
				GCC_WARN_64_TO_32_BIT_CONVERSION = YES;
				GCC_WARN_ABOUT_RETURN_TYPE = YES_ERROR;
				GCC_WARN_UNDECLARED_SELECTOR = YES;
				GCC_WARN_UNINITIALIZED_AUTOS = YES_AGGRESSIVE;
				GCC_WARN_UNUSED_FUNCTION = YES;
				GCC_WARN_UNUSED_VARIABLE = YES;
				LOCALIZATION_PREFERS_STRING_CATALOGS = YES;
				MTL_ENABLE_DEBUG_INFO = NO;
				MTL_FAST_MATH = YES;
				SWIFT_COMPILATION_MODE = wholemodule;
				SWIFT_EMIT_LOC_STRINGS = YES;
			};
			name = Release;
		};
		CDBECD7D2D4010D2006A37C9 /* Debug */ = {
			isa = XCBuildConfiguration;
			buildSettings = {
				ASSETCATALOG_COMPILER_APPICON_NAME = AppIcon;
				ASSETCATALOG_COMPILER_GLOBAL_ACCENT_COLOR_NAME = AccentColor;
				CODE_SIGN_ENTITLEMENTS = safeflow/safeflow.entitlements;
				CODE_SIGN_IDENTITY = "Apple Development";
				CODE_SIGN_STYLE = Automatic;
				CURRENT_PROJECT_VERSION = 2;
				DEVELOPMENT_ASSET_PATHS = "safeflow/Preview\\ Content";
				DEVELOPMENT_TEAM = 8NQMHUGDM7;
				ENABLE_PREVIEWS = YES;
				GENERATE_INFOPLIST_FILE = NO;
				INFOPLIST_FILE = safeflow/Info.plist;
				INFOPLIST_KEY_CFBundleDisplayName = "Clio Daye";
				INFOPLIST_KEY_LSApplicationCategoryType = "public.app-category.healthcare-fitness";
				"INFOPLIST_KEY_UIApplicationSceneManifest_Generation[sdk=iphoneos*]" = YES;
				"INFOPLIST_KEY_UIApplicationSceneManifest_Generation[sdk=iphonesimulator*]" = YES;
				"INFOPLIST_KEY_UIApplicationSupportsIndirectInputEvents[sdk=iphoneos*]" = YES;
				"INFOPLIST_KEY_UILaunchScreen_Generation[sdk=iphoneos*]" = YES;
				"INFOPLIST_KEY_UILaunchScreen_Generation[sdk=iphonesimulator*]" = YES;
				"INFOPLIST_KEY_UIStatusBarStyle[sdk=iphoneos*]" = UIStatusBarStyleDefault;
				INFOPLIST_KEY_UISupportedInterfaceOrientations_iPad = "UIInterfaceOrientationPortrait UIInterfaceOrientationPortraitUpsideDown UIInterfaceOrientationLandscapeLeft UIInterfaceOrientationLandscapeRight";
				INFOPLIST_KEY_UISupportedInterfaceOrientations_iPhone = "UIInterfaceOrientationPortrait UIInterfaceOrientationLandscapeLeft UIInterfaceOrientationLandscapeRight";
				IPHONEOS_DEPLOYMENT_TARGET = 26.0;
				LD_RUNPATH_SEARCH_PATHS = "@executable_path/Frameworks";
				"LD_RUNPATH_SEARCH_PATHS[sdk=macosx*]" = "@executable_path/../Frameworks";
				MACOSX_DEPLOYMENT_TARGET = 14.0;
				MARKETING_VERSION = 0.4.0;
				PRODUCT_BUNDLE_IDENTIFIER = com.thevgergroup.safeflow;
				PRODUCT_NAME = "$(TARGET_NAME)";
				PROVISIONING_PROFILE_SPECIFIER = "";
				SDKROOT = auto;
				SUPPORTED_PLATFORMS = "iphoneos iphonesimulator";
				SUPPORTS_MACCATALYST = NO;
				SWIFT_EMIT_LOC_STRINGS = YES;
				SWIFT_VERSION = 5.0;
				TARGETED_DEVICE_FAMILY = 1;
			};
			name = Debug;
		};
		CDBECD7E2D4010D2006A37C9 /* Release */ = {
			isa = XCBuildConfiguration;
			buildSettings = {
				ASSETCATALOG_COMPILER_APPICON_NAME = AppIcon;
				ASSETCATALOG_COMPILER_GLOBAL_ACCENT_COLOR_NAME = AccentColor;
				CODE_SIGN_ENTITLEMENTS = safeflow/safeflow.entitlements;
				CODE_SIGN_IDENTITY = "Apple Development";
				CODE_SIGN_STYLE = Automatic;
				CURRENT_PROJECT_VERSION = 2;
				DEVELOPMENT_ASSET_PATHS = "safeflow/Preview\\ Content";
				DEVELOPMENT_TEAM = 8NQMHUGDM7;
				ENABLE_PREVIEWS = YES;
				GENERATE_INFOPLIST_FILE = YES;
				INFOPLIST_KEY_CFBundleDisplayName = "Clio Daye";
				INFOPLIST_KEY_LSApplicationCategoryType = "public.app-category.healthcare-fitness";
				"INFOPLIST_KEY_UIApplicationSceneManifest_Generation[sdk=iphoneos*]" = YES;
				"INFOPLIST_KEY_UIApplicationSceneManifest_Generation[sdk=iphonesimulator*]" = YES;
				"INFOPLIST_KEY_UIApplicationSupportsIndirectInputEvents[sdk=iphoneos*]" = YES;
				"INFOPLIST_KEY_UILaunchScreen_Generation[sdk=iphoneos*]" = YES;
				"INFOPLIST_KEY_UILaunchScreen_Generation[sdk=iphonesimulator*]" = YES;
				"INFOPLIST_KEY_UIStatusBarStyle[sdk=iphoneos*]" = UIStatusBarStyleDefault;
				INFOPLIST_KEY_UISupportedInterfaceOrientations_iPad = "UIInterfaceOrientationPortrait UIInterfaceOrientationPortraitUpsideDown UIInterfaceOrientationLandscapeLeft UIInterfaceOrientationLandscapeRight";
				INFOPLIST_KEY_UISupportedInterfaceOrientations_iPhone = "UIInterfaceOrientationPortrait UIInterfaceOrientationLandscapeLeft UIInterfaceOrientationLandscapeRight";
				IPHONEOS_DEPLOYMENT_TARGET = 26.0;
				LD_RUNPATH_SEARCH_PATHS = "@executable_path/Frameworks";
				"LD_RUNPATH_SEARCH_PATHS[sdk=macosx*]" = "@executable_path/../Frameworks";
				MACOSX_DEPLOYMENT_TARGET = 14.0;
				MARKETING_VERSION = 0.4.0;
				PRODUCT_BUNDLE_IDENTIFIER = com.thevgergroup.safeflow;
				PRODUCT_NAME = "$(TARGET_NAME)";
				PROVISIONING_PROFILE_SPECIFIER = "";
				SDKROOT = auto;
				SUPPORTED_PLATFORMS = "iphoneos iphonesimulator";
				SUPPORTS_MACCATALYST = NO;
				SWIFT_EMIT_LOC_STRINGS = YES;
				SWIFT_VERSION = 5.0;
				TARGETED_DEVICE_FAMILY = 1;
			};
			name = Release;
		};
		CDBECD802D4010D2006A37C9 /* Debug */ = {
			isa = XCBuildConfiguration;
			buildSettings = {
				BUNDLE_LOADER = "$(TEST_HOST)";
				CODE_SIGN_STYLE = Automatic;
				CURRENT_PROJECT_VERSION = 1;
				GENERATE_INFOPLIST_FILE = YES;
				IPHONEOS_DEPLOYMENT_TARGET = 17.5;
				MACOSX_DEPLOYMENT_TARGET = 14.4;
				MARKETING_VERSION = 0.4.0;
				PRODUCT_BUNDLE_IDENTIFIER = com.thevgergroup.safeflowTests;
				PRODUCT_NAME = "$(TARGET_NAME)";
				SDKROOT = auto;
				SUPPORTED_PLATFORMS = "iphoneos iphonesimulator";
				SUPPORTS_MACCATALYST = NO;
				SWIFT_EMIT_LOC_STRINGS = NO;
				SWIFT_VERSION = 5.0;
				TARGETED_DEVICE_FAMILY = 1;
				TEST_HOST = "$(BUILT_PRODUCTS_DIR)/safeflow.app/$(BUNDLE_EXECUTABLE_FOLDER_PATH)/safeflow";
			};
			name = Debug;
		};
		CDBECD812D4010D2006A37C9 /* Release */ = {
			isa = XCBuildConfiguration;
			buildSettings = {
				BUNDLE_LOADER = "$(TEST_HOST)";
				CODE_SIGN_STYLE = Automatic;
				CURRENT_PROJECT_VERSION = 1;
				GENERATE_INFOPLIST_FILE = YES;
				IPHONEOS_DEPLOYMENT_TARGET = 17.5;
				MACOSX_DEPLOYMENT_TARGET = 14.4;
				MARKETING_VERSION = 0.4.0;
				PRODUCT_BUNDLE_IDENTIFIER = com.thevgergroup.safeflowTests;
				PRODUCT_NAME = "$(TARGET_NAME)";
				SDKROOT = auto;
				SUPPORTED_PLATFORMS = "iphoneos iphonesimulator";
				SUPPORTS_MACCATALYST = NO;
				SWIFT_EMIT_LOC_STRINGS = NO;
				SWIFT_VERSION = 5.0;
				TARGETED_DEVICE_FAMILY = 1;
				TEST_HOST = "$(BUILT_PRODUCTS_DIR)/safeflow.app/$(BUNDLE_EXECUTABLE_FOLDER_PATH)/safeflow";
			};
			name = Release;
		};
		CDBECD832D4010D2006A37C9 /* Debug */ = {
			isa = XCBuildConfiguration;
			buildSettings = {
				CODE_SIGN_STYLE = Automatic;
				CURRENT_PROJECT_VERSION = 1;
				GENERATE_INFOPLIST_FILE = YES;
				IPHONEOS_DEPLOYMENT_TARGET = 17.5;
				MACOSX_DEPLOYMENT_TARGET = 14.4;
				MARKETING_VERSION = 0.4.0;
				PRODUCT_BUNDLE_IDENTIFIER = com.thevgergroup.safeflowUITests;
				PRODUCT_NAME = "$(TARGET_NAME)";
				SDKROOT = auto;
				SUPPORTED_PLATFORMS = "iphoneos iphonesimulator";
				SUPPORTS_MACCATALYST = NO;
				SWIFT_EMIT_LOC_STRINGS = NO;
				SWIFT_VERSION = 5.0;
				TARGETED_DEVICE_FAMILY = 1;
				TEST_TARGET_NAME = safeflow;
			};
			name = Debug;
		};
		CDBECD842D4010D2006A37C9 /* Release */ = {
			isa = XCBuildConfiguration;
			buildSettings = {
				CODE_SIGN_STYLE = Automatic;
				CURRENT_PROJECT_VERSION = 1;
				GENERATE_INFOPLIST_FILE = YES;
				IPHONEOS_DEPLOYMENT_TARGET = 17.5;
				MACOSX_DEPLOYMENT_TARGET = 14.4;
				MARKETING_VERSION = 0.4.0;
				PRODUCT_BUNDLE_IDENTIFIER = com.thevgergroup.safeflowUITests;
				PRODUCT_NAME = "$(TARGET_NAME)";
				SDKROOT = auto;
				SUPPORTED_PLATFORMS = "iphoneos iphonesimulator";
				SUPPORTS_MACCATALYST = NO;
				SWIFT_EMIT_LOC_STRINGS = NO;
				SWIFT_VERSION = 5.0;
				TARGETED_DEVICE_FAMILY = 1;
				TEST_TARGET_NAME = safeflow;
			};
			name = Release;
		};
/* End XCBuildConfiguration section */

/* Begin XCConfigurationList section */
		CDBECD502D4010D1006A37C9 /* Build configuration list for PBXProject "safeflow" */ = {
			isa = XCConfigurationList;
			buildConfigurations = (
				CDBECD7A2D4010D2006A37C9 /* Debug */,
				CDB18F442F7E0EA200B12B2F /* Beta */,
				CDBECD7B2D4010D2006A37C9 /* Release */,
			);
			defaultConfigurationIsVisible = 0;
			defaultConfigurationName = Release;
		};
		CDBECD7C2D4010D2006A37C9 /* Build configuration list for PBXNativeTarget "safeflow" */ = {
			isa = XCConfigurationList;
			buildConfigurations = (
				CDBECD7D2D4010D2006A37C9 /* Debug */,
				CDB18F452F7E0EA200B12B2F /* Beta */,
				CDBECD7E2D4010D2006A37C9 /* Release */,
			);
			defaultConfigurationIsVisible = 0;
			defaultConfigurationName = Release;
		};
		CDBECD7F2D4010D2006A37C9 /* Build configuration list for PBXNativeTarget "safeflowTests" */ = {
			isa = XCConfigurationList;
			buildConfigurations = (
				CDBECD802D4010D2006A37C9 /* Debug */,
				CDB18F462F7E0EA200B12B2F /* Beta */,
				CDBECD812D4010D2006A37C9 /* Release */,
			);
			defaultConfigurationIsVisible = 0;
			defaultConfigurationName = Release;
		};
		CDBECD822D4010D2006A37C9 /* Build configuration list for PBXNativeTarget "safeflowUITests" */ = {
			isa = XCConfigurationList;
			buildConfigurations = (
				CDBECD832D4010D2006A37C9 /* Debug */,
				CDB18F472F7E0EA200B12B2F /* Beta */,
				CDBECD842D4010D2006A37C9 /* Release */,
			);
			defaultConfigurationIsVisible = 0;
			defaultConfigurationName = Release;
		};
/* End XCConfigurationList section */
	};
	rootObject = CDBECD4D2D4010D1006A37C9 /* Project object */;
}
